// !$*UTF8*$!
{
	archiveVersion = 1;
	classes = {
	};
	objectVersion = 56;
	objects = {

/* Begin PBXBuildFile section */
		0C4471CE2C8F21B3005D3274 /* CartTableViewCell.swift in Sources */ = {isa = PBXBuildFile; fileRef = 0C4471CD2C8F21B3005D3274 /* CartTableViewCell.swift */; };
		0C4471D12C8F3114005D3274 /* NftItem.swift in Sources */ = {isa = PBXBuildFile; fileRef = 0C4471D02C8F3114005D3274 /* NftItem.swift */; };
		0C4471D42C8F7556005D3274 /* PaymentViewController.swift in Sources */ = {isa = PBXBuildFile; fileRef = 0C4471D32C8F7556005D3274 /* PaymentViewController.swift */; };
		0CBDBA3F2C94E88E00D1D5CC /* WebViewController.swift in Sources */ = {isa = PBXBuildFile; fileRef = 0CBDBA3E2C94E88E00D1D5CC /* WebViewController.swift */; };
		0CBDBA422C94E93000D1D5CC /* PaymentViewCell.swift in Sources */ = {isa = PBXBuildFile; fileRef = 0CBDBA412C94E93000D1D5CC /* PaymentViewCell.swift */; };
		0CBDBA442C94EAAE00D1D5CC /* Currency.swift in Sources */ = {isa = PBXBuildFile; fileRef = 0CBDBA432C94EAAE00D1D5CC /* Currency.swift */; };
		0CBDBA5C2C99EC7A00D1D5CC /* SetupBlurEffect.swift in Sources */ = {isa = PBXBuildFile; fileRef = 0CBDBA5B2C99EC7A00D1D5CC /* SetupBlurEffect.swift */; };
		0CF2C2DB2A783C1B00FDC837 /* LoadingView.swift in Sources */ = {isa = PBXBuildFile; fileRef = 0CF2C2DA2A783C1B00FDC837 /* LoadingView.swift */; };
		0CF2C2DD2A783CE600FDC837 /* ErrorView.swift in Sources */ = {isa = PBXBuildFile; fileRef = 0CF2C2DC2A783CE600FDC837 /* ErrorView.swift */; };
		0CF2C2E12A784C7000FDC837 /* LinePageControl.swift in Sources */ = {isa = PBXBuildFile; fileRef = 0CF2C2E02A784C7000FDC837 /* LinePageControl.swift */; };
		0CFCB7492A7808900009A829 /* CatalogViewController.swift in Sources */ = {isa = PBXBuildFile; fileRef = 0CFCB7482A7808900009A829 /* CatalogViewController.swift */; };
		0CFCB74B2A780EA80009A829 /* UIView+Constraints.swift in Sources */ = {isa = PBXBuildFile; fileRef = 0CFCB74A2A780EA80009A829 /* UIView+Constraints.swift */; };
		1C045E032C98CCBA0063CE78 /* EnumForSort.swift in Sources */ = {isa = PBXBuildFile; fileRef = 1C045E022C98CCBA0063CE78 /* EnumForSort.swift */; };
		1C4A6DFB2CA0B4E200A685CF /* AuthorWebViewController.swift in Sources */ = {isa = PBXBuildFile; fileRef = 1C4A6DFA2CA0B4E200A685CF /* AuthorWebViewController.swift */; };
		1C5E67882C9A19AD000128C2 /* CatalogRequest.swift in Sources */ = {isa = PBXBuildFile; fileRef = 1C5E67872C9A19AD000128C2 /* CatalogRequest.swift */; };
		1C66D4862C908FAE00F6A565 /* NFTCellModelCollection.swift in Sources */ = {isa = PBXBuildFile; fileRef = 1C66D4852C908FAE00F6A565 /* NFTCellModelCollection.swift */; };
		1C66D4882C90AC8C00F6A565 /* CollectionModel.swift in Sources */ = {isa = PBXBuildFile; fileRef = 1C66D4872C90AC8C00F6A565 /* CollectionModel.swift */; };
		1C8EAFB72C8F66C200CF3A1B /* CatalogTableViewCell.swift in Sources */ = {isa = PBXBuildFile; fileRef = 1C8EAFB62C8F66C200CF3A1B /* CatalogTableViewCell.swift */; };
		1C8EAFB92C8F66D800CF3A1B /* CatalogViewModel.swift in Sources */ = {isa = PBXBuildFile; fileRef = 1C8EAFB82C8F66D800CF3A1B /* CatalogViewModel.swift */; };
		1C8EAFBB2C8F66E400CF3A1B /* CatalogModel.swift in Sources */ = {isa = PBXBuildFile; fileRef = 1C8EAFBA2C8F66E400CF3A1B /* CatalogModel.swift */; };
		1C8EAFBD2C8F6AF300CF3A1B /* NFTModelCatalog.swift in Sources */ = {isa = PBXBuildFile; fileRef = 1C8EAFBC2C8F6AF300CF3A1B /* NFTModelCatalog.swift */; };
		1C8EAFBF2C8F90A700CF3A1B /* CustomAlertControllerForSort.swift in Sources */ = {isa = PBXBuildFile; fileRef = 1C8EAFBE2C8F90A700CF3A1B /* CustomAlertControllerForSort.swift */; };
		1C8EAFC22C8FAA9A00CF3A1B /* CollectionViewController.swift in Sources */ = {isa = PBXBuildFile; fileRef = 1C8EAFC12C8FAA9A00CF3A1B /* CollectionViewController.swift */; };
		1C8EAFC52C8FAAAE00CF3A1B /* CollectionViewModel.swift in Sources */ = {isa = PBXBuildFile; fileRef = 1C8EAFC42C8FAAAE00CF3A1B /* CollectionViewModel.swift */; };
		1C8EAFC72C8FB8C700CF3A1B /* NFTCellForCollectionView.swift in Sources */ = {isa = PBXBuildFile; fileRef = 1C8EAFC62C8FB8C700CF3A1B /* NFTCellForCollectionView.swift */; };
		2C4D770E2CAB20990042F13C /* Nft.swift in Sources */ = {isa = PBXBuildFile; fileRef = 2C4D770D2CAB20990042F13C /* Nft.swift */; };
		2C4D77102CAB20B10042F13C /* NftStorage.swift in Sources */ = {isa = PBXBuildFile; fileRef = 2C4D770F2CAB20B10042F13C /* NftStorage.swift */; };
		2C4D77122CAB20E30042F13C /* UserService.swift in Sources */ = {isa = PBXBuildFile; fileRef = 2C4D77112CAB20E30042F13C /* UserService.swift */; };
		2C4D77152CAB20FC0042F13C /* UsersRequest.swift in Sources */ = {isa = PBXBuildFile; fileRef = 2C4D77142CAB20FC0042F13C /* UsersRequest.swift */; };
		2C6611772CA5E49D0034D10A /* Observable.swift in Sources */ = {isa = PBXBuildFile; fileRef = 2C6611752CA5E49D0034D10A /* Observable.swift */; };
		2C6611782CA5E49D0034D10A /* EditProfileViewController.swift in Sources */ = {isa = PBXBuildFile; fileRef = 2C6611702CA5E49D0034D10A /* EditProfileViewController.swift */; };
		2C6611792CA5E49D0034D10A /* MyNftTableViewCell.swift in Sources */ = {isa = PBXBuildFile; fileRef = 2C66116C2CA5E49D0034D10A /* MyNftTableViewCell.swift */; };
		2C66117A2CA5E49D0034D10A /* ProfileViewController.swift in Sources */ = {isa = PBXBuildFile; fileRef = 2C6611712CA5E49D0034D10A /* ProfileViewController.swift */; };
		2C66117B2CA5E49D0034D10A /* FavouritesNftViewController.swift in Sources */ = {isa = PBXBuildFile; fileRef = 2C6611692CA5E49D0034D10A /* FavouritesNftViewController.swift */; };
		2C66117C2CA5E49D0034D10A /* ProfileViewModel.swift in Sources */ = {isa = PBXBuildFile; fileRef = 2C6611722CA5E49D0034D10A /* ProfileViewModel.swift */; };
		2C66117D2CA5E49D0034D10A /* ProfileWebViewController.swift in Sources */ = {isa = PBXBuildFile; fileRef = 2C6611732CA5E49D0034D10A /* ProfileWebViewController.swift */; };
		2C66117E2CA5E49D0034D10A /* FavouritesNftCollectionViewCell.swift in Sources */ = {isa = PBXBuildFile; fileRef = 2C6611682CA5E49D0034D10A /* FavouritesNftCollectionViewCell.swift */; };
		2C66117F2CA5E49D0034D10A /* FavouritesNftViewModel.swift in Sources */ = {isa = PBXBuildFile; fileRef = 2C66116A2CA5E49D0034D10A /* FavouritesNftViewModel.swift */; };
		2C6611802CA5E49D0034D10A /* MyNftViewModel.swift in Sources */ = {isa = PBXBuildFile; fileRef = 2C66116E2CA5E49D0034D10A /* MyNftViewModel.swift */; };
		2C6611812CA5E49D0034D10A /* MyNftViewController.swift in Sources */ = {isa = PBXBuildFile; fileRef = 2C66116D2CA5E49D0034D10A /* MyNftViewController.swift */; };
		2C6611A02CA5E63A0034D10A /* ExamplePutRequest.swift in Sources */ = {isa = PBXBuildFile; fileRef = 2C6611912CA5E63A0034D10A /* ExamplePutRequest.swift */; };
		2C6611A12CA5E63A0034D10A /* ExamplePutService.swift in Sources */ = {isa = PBXBuildFile; fileRef = 2C66119A2CA5E63A0034D10A /* ExamplePutService.swift */; };
		2C6611A22CA5E63A0034D10A /* CurrencyListRequest.swift in Sources */ = {isa = PBXBuildFile; fileRef = 2C66118F2CA5E63A0034D10A /* CurrencyListRequest.swift */; };
		2C6611A32CA5E63A0034D10A /* ProfileRequest.swift in Sources */ = {isa = PBXBuildFile; fileRef = 2C6611972CA5E63A0034D10A /* ProfileRequest.swift */; };
		2C6611A42CA5E63A0034D10A /* NftService.swift in Sources */ = {isa = PBXBuildFile; fileRef = 2C66119B2CA5E63A0034D10A /* NftService.swift */; };
		2C6611A52CA5E63A0034D10A /* NftsRequest.swift in Sources */ = {isa = PBXBuildFile; fileRef = 2C6611942CA5E63A0034D10A /* NftsRequest.swift */; };
		2C6611A62CA5E63A0034D10A /* ServicesAssemly.swift in Sources */ = {isa = PBXBuildFile; fileRef = 2C66119E2CA5E63A0034D10A /* ServicesAssemly.swift */; };
		2C6611A72CA5E63A0034D10A /* NftOrderRequest.swift in Sources */ = {isa = PBXBuildFile; fileRef = 2C6611932CA5E63A0034D10A /* NftOrderRequest.swift */; };
		2C6611A82CA5E63A0034D10A /* NftByIdRequest.swift in Sources */ = {isa = PBXBuildFile; fileRef = 2C6611922CA5E63A0034D10A /* NftByIdRequest.swift */; };
		2C6611A92CA5E63A0034D10A /* ProfileService.swift in Sources */ = {isa = PBXBuildFile; fileRef = 2C66119D2CA5E63A0034D10A /* ProfileService.swift */; };
		2C6611AA2CA5E63A0034D10A /* ProfilePutRequest.swift in Sources */ = {isa = PBXBuildFile; fileRef = 2C6611962CA5E63A0034D10A /* ProfilePutRequest.swift */; };
		2C6611AB2CA5E63A0034D10A /* PaymentRequest.swift in Sources */ = {isa = PBXBuildFile; fileRef = 2C6611952CA5E63A0034D10A /* PaymentRequest.swift */; };
		2C6611AC2CA5E63A0034D10A /* OrderAndPaymentService.swift in Sources */ = {isa = PBXBuildFile; fileRef = 2C66119C2CA5E63A0034D10A /* OrderAndPaymentService.swift */; };
		2C6611AD2CA5E63A0034D10A /* RequestConstants.swift in Sources */ = {isa = PBXBuildFile; fileRef = 2C6611982CA5E63A0034D10A /* RequestConstants.swift */; };
		2C6611AE2CA5E63A0034D10A /* EditOrderRequest.swift in Sources */ = {isa = PBXBuildFile; fileRef = 2C6611902CA5E63A0034D10A /* EditOrderRequest.swift */; };
		3F478ECF29DB474E00F6D39E /* Colors.swift in Sources */ = {isa = PBXBuildFile; fileRef = 3F478ECE29DB474E00F6D39E /* Colors.swift */; };
		3F478ED129DB476500F6D39E /* Fonts.swift in Sources */ = {isa = PBXBuildFile; fileRef = 3F478ED029DB476500F6D39E /* Fonts.swift */; };
		3F603CCD29DB4A53000C43D7 /* ProgressHUD in Frameworks */ = {isa = PBXBuildFile; productRef = 3F603CCC29DB4A53000C43D7 /* ProgressHUD */; };
		3F603CD029DB4A74000C43D7 /* Kingfisher in Frameworks */ = {isa = PBXBuildFile; productRef = 3F603CCF29DB4A74000C43D7 /* Kingfisher */; };
		3F68069729CBBAF100B4F915 /* AppDelegate.swift in Sources */ = {isa = PBXBuildFile; fileRef = 3F68069629CBBAF100B4F915 /* AppDelegate.swift */; };
		3F68069929CBBAF100B4F915 /* SceneDelegate.swift in Sources */ = {isa = PBXBuildFile; fileRef = 3F68069829CBBAF100B4F915 /* SceneDelegate.swift */; };
		3F6806A029CBBAF200B4F915 /* Assets.xcassets in Resources */ = {isa = PBXBuildFile; fileRef = 3F68069F29CBBAF200B4F915 /* Assets.xcassets */; };
		3F6806A329CBBAF200B4F915 /* LaunchScreen.storyboard in Resources */ = {isa = PBXBuildFile; fileRef = 3F6806A129CBBAF200B4F915 /* LaunchScreen.storyboard */; };
		3F6806AE29CBBAF200B4F915 /* ExampleUnitTests.swift in Sources */ = {isa = PBXBuildFile; fileRef = 3F6806AD29CBBAF200B4F915 /* ExampleUnitTests.swift */; };
		3F6806B829CBBAF200B4F915 /* FakeNFTUITests.swift in Sources */ = {isa = PBXBuildFile; fileRef = 3F6806B729CBBAF200B4F915 /* FakeNFTUITests.swift */; };
		3F6806D129CBBE6B00B4F915 /* NetworkClient.swift in Sources */ = {isa = PBXBuildFile; fileRef = 3F6806D029CBBE6B00B4F915 /* NetworkClient.swift */; };
		3F6806D329CBBE9600B4F915 /* NetworkRequest.swift in Sources */ = {isa = PBXBuildFile; fileRef = 3F6806D229CBBE9600B4F915 /* NetworkRequest.swift */; };
		3F6806D529CBBEC700B4F915 /* NetworkTask.swift in Sources */ = {isa = PBXBuildFile; fileRef = 3F6806D429CBBEC700B4F915 /* NetworkTask.swift */; };
		3FC8C39329D246BA0081F015 /* DateFormatters+Presets.swift in Sources */ = {isa = PBXBuildFile; fileRef = 3FC8C39229D246BA0081F015 /* DateFormatters+Presets.swift */; };
		68050FB92C8E4AB100E635C7 /* NFTCellModel.swift in Sources */ = {isa = PBXBuildFile; fileRef = 68050FB82C8E4AB100E635C7 /* NFTCellModel.swift */; };
		6832BFDE2C9054D800F0F6DE /* ViewSetupable.swift in Sources */ = {isa = PBXBuildFile; fileRef = 6832BFDD2C9054D800F0F6DE /* ViewSetupable.swift */; };
		685E98062CA1E2BA004A7563 /* CartViewModel.swift in Sources */ = {isa = PBXBuildFile; fileRef = 685E98052CA1E2BA004A7563 /* CartViewModel.swift */; };
		685E980A2CA1E336004A7563 /* DeleteViewController.swift in Sources */ = {isa = PBXBuildFile; fileRef = 685E98092CA1E335004A7563 /* DeleteViewController.swift */; };
		685E980C2CA1E393004A7563 /* ParentViewController.swift in Sources */ = {isa = PBXBuildFile; fileRef = 685E980B2CA1E393004A7563 /* ParentViewController.swift */; };
		685E980F2CA1E3A7004A7563 /* PaymentResultViewController.swift in Sources */ = {isa = PBXBuildFile; fileRef = 685E980E2CA1E3A7004A7563 /* PaymentResultViewController.swift */; };
		688398952CA2C03200123508 /* UserCollectionViewModelTest.swift in Sources */ = {isa = PBXBuildFile; fileRef = 688398942CA2C03200123508 /* UserCollectionViewModelTest.swift */; };
		689224452C8A365D00CE698A /* Strings.swift in Sources */ = {isa = PBXBuildFile; fileRef = 689224442C8A365D00CE698A /* Strings.swift */; };
		6892244A2C8A3EA900CE698A /* CartViewController.swift in Sources */ = {isa = PBXBuildFile; fileRef = 689224492C8A3EA900CE698A /* CartViewController.swift */; };
		6892244E2C8A3FD700CE698A /* StatisticViewController.swift in Sources */ = {isa = PBXBuildFile; fileRef = 6892244D2C8A3FD700CE698A /* StatisticViewController.swift */; };
		689224502C8A48A800CE698A /* Images.swift in Sources */ = {isa = PBXBuildFile; fileRef = 6892244F2C8A48A800CE698A /* Images.swift */; };
		689224532C8A50FE00CE698A /* RswiftLibrary in Frameworks */ = {isa = PBXBuildFile; productRef = 689224522C8A50FE00CE698A /* RswiftLibrary */; };
		689224572C8A5A4900CE698A /* Localizable.strings in Resources */ = {isa = PBXBuildFile; fileRef = 689224592C8A5A4900CE698A /* Localizable.strings */; };
		68AB4FFC2C9F234500D61750 /* UserStorage.swift in Sources */ = {isa = PBXBuildFile; fileRef = 68AB4FFB2C9F234500D61750 /* UserStorage.swift */; };
		68B5D3892C8B9A4400FABE53 /* StatisticsUserTableViewCell.swift in Sources */ = {isa = PBXBuildFile; fileRef = 68B5D3882C8B9A4400FABE53 /* StatisticsUserTableViewCell.swift */; };
		68B5D38E2C8BA0EC00FABE53 /* StatisticViewModel.swift in Sources */ = {isa = PBXBuildFile; fileRef = 68B5D38D2C8BA0EC00FABE53 /* StatisticViewModel.swift */; };
		68B5D3952C8CE5A700FABE53 /* UserCardViewController.swift in Sources */ = {isa = PBXBuildFile; fileRef = 68B5D3942C8CE5A700FABE53 /* UserCardViewController.swift */; };
		68BA90B72C9E03EE00A9729E /* Profile.swift in Sources */ = {isa = PBXBuildFile; fileRef = 68BA90B62C9E03EE00A9729E /* Profile.swift */; };
		68C0A1432C93A82100FC05FF /* User.swift in Sources */ = {isa = PBXBuildFile; fileRef = 68C0A1422C93A82100FC05FF /* User.swift */; };
		68DC7F972C8E3D5300DB8CDE /* UserCollectionViewController.swift in Sources */ = {isa = PBXBuildFile; fileRef = 68DC7F962C8E3D5300DB8CDE /* UserCollectionViewController.swift */; };
		68DC7F9A2C8E3D5900DB8CDE /* NFTCollectionViewCell.swift in Sources */ = {isa = PBXBuildFile; fileRef = 68DC7F992C8E3D5900DB8CDE /* NFTCollectionViewCell.swift */; };
		68DD39042CA1685A0093F0A3 /* Order.swift in Sources */ = {isa = PBXBuildFile; fileRef = 68DD39032CA1685A0093F0A3 /* Order.swift */; };
		68DD39092CA168980093F0A3 /* Payment.swift in Sources */ = {isa = PBXBuildFile; fileRef = 68DD39082CA168980093F0A3 /* Payment.swift */; };
		68DD390B2CA168B40093F0A3 /* Currency.swift in Sources */ = {isa = PBXBuildFile; fileRef = 68DD390A2CA168B40093F0A3 /* Currency.swift */; };
		68DEA61F2C9F739E00A17CCA /* ProfileStorage.swift in Sources */ = {isa = PBXBuildFile; fileRef = 68DEA61E2C9F739E00A17CCA /* ProfileStorage.swift */; };
		68E849322C9E0EB000C8D927 /* UserCardWebViewController.swift in Sources */ = {isa = PBXBuildFile; fileRef = 68E849302C9E0EB000C8D927 /* UserCardWebViewController.swift */; };
		68E849332C9E0EB000C8D927 /* UserCardViewModel.swift in Sources */ = {isa = PBXBuildFile; fileRef = 68E849312C9E0EB000C8D927 /* UserCardViewModel.swift */; };
		68E849352C9E0ED100C8D927 /* UserCollectionViewModel.swift in Sources */ = {isa = PBXBuildFile; fileRef = 68E849342C9E0ED100C8D927 /* UserCollectionViewModel.swift */; };
		68E849382C9E119F00C8D927 /* UIImage+Extensions.swift in Sources */ = {isa = PBXBuildFile; fileRef = 68E849372C9E119F00C8D927 /* UIImage+Extensions.swift */; };
		68F7949C2C9B2FEA00770484 /* RatingView.swift in Sources */ = {isa = PBXBuildFile; fileRef = 68F7949B2C9B2FEA00770484 /* RatingView.swift */; };
		E1A1B9DA2AA01CE400C3AFBC /* TabBarController.swift in Sources */ = {isa = PBXBuildFile; fileRef = E1A1B9D92AA01CE400C3AFBC /* TabBarController.swift */; };
/* End PBXBuildFile section */

/* Begin PBXContainerItemProxy section */
		3F6806AA29CBBAF200B4F915 /* PBXContainerItemProxy */ = {
			isa = PBXContainerItemProxy;
			containerPortal = 3F68068B29CBBAF100B4F915 /* Project object */;
			proxyType = 1;
			remoteGlobalIDString = 3F68069229CBBAF100B4F915;
			remoteInfo = FakeNFT;
		};
		3F6806B429CBBAF200B4F915 /* PBXContainerItemProxy */ = {
			isa = PBXContainerItemProxy;
			containerPortal = 3F68068B29CBBAF100B4F915 /* Project object */;
			proxyType = 1;
			remoteGlobalIDString = 3F68069229CBBAF100B4F915;
			remoteInfo = FakeNFT;
		};
/* End PBXContainerItemProxy section */

/* Begin PBXFileReference section */
		0C4471CD2C8F21B3005D3274 /* CartTableViewCell.swift */ = {isa = PBXFileReference; lastKnownFileType = sourcecode.swift; path = CartTableViewCell.swift; sourceTree = "<group>"; };
		0C4471D02C8F3114005D3274 /* NftItem.swift */ = {isa = PBXFileReference; lastKnownFileType = sourcecode.swift; path = NftItem.swift; sourceTree = "<group>"; };
		0C4471D32C8F7556005D3274 /* PaymentViewController.swift */ = {isa = PBXFileReference; lastKnownFileType = sourcecode.swift; path = PaymentViewController.swift; sourceTree = "<group>"; };
		0C79EE602A76DCD600EE90EA /* NftByIdRequest.swift */ = {isa = PBXFileReference; lastKnownFileType = sourcecode.swift; path = NftByIdRequest.swift; sourceTree = "<group>"; };
		0C79EE622A76DD1900EE90EA /* RequestConstants.swift */ = {isa = PBXFileReference; lastKnownFileType = sourcecode.swift; path = RequestConstants.swift; sourceTree = "<group>"; };
		0C79EE6B2A76DE2E00EE90EA /* ServicesAssemly.swift */ = {isa = PBXFileReference; lastKnownFileType = sourcecode.swift; path = ServicesAssemly.swift; sourceTree = "<group>"; };
		0CBDBA392C94D9CC00D1D5CC /* NftOrderRequest.swift */ = {isa = PBXFileReference; lastKnownFileType = sourcecode.swift; path = NftOrderRequest.swift; sourceTree = "<group>"; };
		0CBDBA3E2C94E88E00D1D5CC /* WebViewController.swift */ = {isa = PBXFileReference; lastKnownFileType = sourcecode.swift; path = WebViewController.swift; sourceTree = "<group>"; };
		0CBDBA412C94E93000D1D5CC /* PaymentViewCell.swift */ = {isa = PBXFileReference; lastKnownFileType = sourcecode.swift; path = PaymentViewCell.swift; sourceTree = "<group>"; };
		0CBDBA432C94EAAE00D1D5CC /* Currency.swift */ = {isa = PBXFileReference; lastKnownFileType = sourcecode.swift; path = Currency.swift; sourceTree = "<group>"; };
		0CBDBA502C971E0D00D1D5CC /* OrderAndPaymentService.swift */ = {isa = PBXFileReference; lastKnownFileType = sourcecode.swift; path = OrderAndPaymentService.swift; sourceTree = "<group>"; };
		0CBDBA532C97657500D1D5CC /* EditOrderRequest.swift */ = {isa = PBXFileReference; lastKnownFileType = sourcecode.swift; path = EditOrderRequest.swift; sourceTree = "<group>"; };
		0CBDBA5B2C99EC7A00D1D5CC /* SetupBlurEffect.swift */ = {isa = PBXFileReference; lastKnownFileType = sourcecode.swift; path = SetupBlurEffect.swift; sourceTree = "<group>"; };
		0CBDBA5F2C9B561C00D1D5CC /* PaymentRequest.swift */ = {isa = PBXFileReference; lastKnownFileType = sourcecode.swift; path = PaymentRequest.swift; sourceTree = "<group>"; };
		0CBDBA622C9B57A400D1D5CC /* Payment.swift */ = {isa = PBXFileReference; lastKnownFileType = sourcecode.swift; path = Payment.swift; sourceTree = "<group>"; };
		0CF2C2DA2A783C1B00FDC837 /* LoadingView.swift */ = {isa = PBXFileReference; lastKnownFileType = sourcecode.swift; path = LoadingView.swift; sourceTree = "<group>"; };
		0CF2C2DC2A783CE600FDC837 /* ErrorView.swift */ = {isa = PBXFileReference; lastKnownFileType = sourcecode.swift; path = ErrorView.swift; sourceTree = "<group>"; };
		0CF2C2E02A784C7000FDC837 /* LinePageControl.swift */ = {isa = PBXFileReference; lastKnownFileType = sourcecode.swift; path = LinePageControl.swift; sourceTree = "<group>"; };
		0CFCB7482A7808900009A829 /* CatalogViewController.swift */ = {isa = PBXFileReference; lastKnownFileType = sourcecode.swift; path = CatalogViewController.swift; sourceTree = "<group>"; };
		0CFCB74A2A780EA80009A829 /* UIView+Constraints.swift */ = {isa = PBXFileReference; lastKnownFileType = sourcecode.swift; path = "UIView+Constraints.swift"; sourceTree = "<group>"; };
		0CFCB74D2A7817DC0009A829 /* NftStorage.swift */ = {isa = PBXFileReference; lastKnownFileType = sourcecode.swift; path = NftStorage.swift; sourceTree = "<group>"; };
		1C045E022C98CCBA0063CE78 /* EnumForSort.swift */ = {isa = PBXFileReference; lastKnownFileType = sourcecode.swift; path = EnumForSort.swift; sourceTree = "<group>"; };
		1C4A6DFA2CA0B4E200A685CF /* AuthorWebViewController.swift */ = {isa = PBXFileReference; lastKnownFileType = sourcecode.swift; path = AuthorWebViewController.swift; sourceTree = "<group>"; };
		1C5E67872C9A19AD000128C2 /* CatalogRequest.swift */ = {isa = PBXFileReference; lastKnownFileType = sourcecode.swift; path = CatalogRequest.swift; sourceTree = "<group>"; };
		1C66D4852C908FAE00F6A565 /* NFTCellModelCollection.swift */ = {isa = PBXFileReference; lastKnownFileType = sourcecode.swift; path = NFTCellModelCollection.swift; sourceTree = "<group>"; };
		1C66D4872C90AC8C00F6A565 /* CollectionModel.swift */ = {isa = PBXFileReference; lastKnownFileType = sourcecode.swift; path = CollectionModel.swift; sourceTree = "<group>"; };
		1C8EAFB62C8F66C200CF3A1B /* CatalogTableViewCell.swift */ = {isa = PBXFileReference; lastKnownFileType = sourcecode.swift; path = CatalogTableViewCell.swift; sourceTree = "<group>"; };
		1C8EAFB82C8F66D800CF3A1B /* CatalogViewModel.swift */ = {isa = PBXFileReference; lastKnownFileType = sourcecode.swift; path = CatalogViewModel.swift; sourceTree = "<group>"; };
		1C8EAFBA2C8F66E400CF3A1B /* CatalogModel.swift */ = {isa = PBXFileReference; lastKnownFileType = sourcecode.swift; path = CatalogModel.swift; sourceTree = "<group>"; };
		1C8EAFBC2C8F6AF300CF3A1B /* NFTModelCatalog.swift */ = {isa = PBXFileReference; lastKnownFileType = sourcecode.swift; path = NFTModelCatalog.swift; sourceTree = "<group>"; };
		1C8EAFBE2C8F90A700CF3A1B /* CustomAlertControllerForSort.swift */ = {isa = PBXFileReference; lastKnownFileType = sourcecode.swift; path = CustomAlertControllerForSort.swift; sourceTree = "<group>"; };
		1C8EAFC12C8FAA9A00CF3A1B /* CollectionViewController.swift */ = {isa = PBXFileReference; lastKnownFileType = sourcecode.swift; path = CollectionViewController.swift; sourceTree = "<group>"; };
		1C8EAFC42C8FAAAE00CF3A1B /* CollectionViewModel.swift */ = {isa = PBXFileReference; lastKnownFileType = sourcecode.swift; path = CollectionViewModel.swift; sourceTree = "<group>"; };
		1C8EAFC62C8FB8C700CF3A1B /* NFTCellForCollectionView.swift */ = {isa = PBXFileReference; lastKnownFileType = sourcecode.swift; path = NFTCellForCollectionView.swift; sourceTree = "<group>"; };
		1CFE6A4C2CA2FE4E003A9963 /* Order.swift */ = {isa = PBXFileReference; lastKnownFileType = sourcecode.swift; path = Order.swift; sourceTree = "<group>"; };
		1CFE6A4F2CA300C7003A9963 /* OrderAndPaymentService.swift */ = {isa = PBXFileReference; fileEncoding = 4; lastKnownFileType = sourcecode.swift; path = OrderAndPaymentService.swift; sourceTree = "<group>"; };
		1CFE6A512CA3015E003A9963 /* Currency.swift */ = {isa = PBXFileReference; lastKnownFileType = sourcecode.swift; path = Currency.swift; sourceTree = "<group>"; };
		1CFE6A532CA30194003A9963 /* Payment.swift */ = {isa = PBXFileReference; lastKnownFileType = sourcecode.swift; path = Payment.swift; sourceTree = "<group>"; };
		1CFE6A552CA30219003A9963 /* NftOrderRequest.swift */ = {isa = PBXFileReference; fileEncoding = 4; lastKnownFileType = sourcecode.swift; path = NftOrderRequest.swift; sourceTree = "<group>"; };
		1CFE6A572CA30271003A9963 /* EditOrderRequest.swift */ = {isa = PBXFileReference; fileEncoding = 4; lastKnownFileType = sourcecode.swift; path = EditOrderRequest.swift; sourceTree = "<group>"; };
		1CFE6A582CA30271003A9963 /* CurrencyListRequest.swift */ = {isa = PBXFileReference; fileEncoding = 4; lastKnownFileType = sourcecode.swift; path = CurrencyListRequest.swift; sourceTree = "<group>"; };
		1CFE6A592CA30271003A9963 /* PaymentRequest.swift */ = {isa = PBXFileReference; fileEncoding = 4; lastKnownFileType = sourcecode.swift; path = PaymentRequest.swift; sourceTree = "<group>"; };
		2C4D770D2CAB20990042F13C /* Nft.swift */ = {isa = PBXFileReference; lastKnownFileType = sourcecode.swift; path = Nft.swift; sourceTree = "<group>"; };
		2C4D770F2CAB20B10042F13C /* NftStorage.swift */ = {isa = PBXFileReference; lastKnownFileType = sourcecode.swift; path = NftStorage.swift; sourceTree = "<group>"; };
		2C4D77112CAB20E30042F13C /* UserService.swift */ = {isa = PBXFileReference; lastKnownFileType = sourcecode.swift; path = UserService.swift; sourceTree = "<group>"; };
		2C4D77142CAB20FC0042F13C /* UsersRequest.swift */ = {isa = PBXFileReference; lastKnownFileType = sourcecode.swift; path = UsersRequest.swift; sourceTree = "<group>"; };
		2C6611682CA5E49D0034D10A /* FavouritesNftCollectionViewCell.swift */ = {isa = PBXFileReference; lastKnownFileType = sourcecode.swift; path = FavouritesNftCollectionViewCell.swift; sourceTree = "<group>"; };
		2C6611692CA5E49D0034D10A /* FavouritesNftViewController.swift */ = {isa = PBXFileReference; lastKnownFileType = sourcecode.swift; path = FavouritesNftViewController.swift; sourceTree = "<group>"; };
		2C66116A2CA5E49D0034D10A /* FavouritesNftViewModel.swift */ = {isa = PBXFileReference; lastKnownFileType = sourcecode.swift; path = FavouritesNftViewModel.swift; sourceTree = "<group>"; };
		2C66116C2CA5E49D0034D10A /* MyNftTableViewCell.swift */ = {isa = PBXFileReference; lastKnownFileType = sourcecode.swift; path = MyNftTableViewCell.swift; sourceTree = "<group>"; };
		2C66116D2CA5E49D0034D10A /* MyNftViewController.swift */ = {isa = PBXFileReference; lastKnownFileType = sourcecode.swift; path = MyNftViewController.swift; sourceTree = "<group>"; };
		2C66116E2CA5E49D0034D10A /* MyNftViewModel.swift */ = {isa = PBXFileReference; lastKnownFileType = sourcecode.swift; path = MyNftViewModel.swift; sourceTree = "<group>"; };
		2C6611702CA5E49D0034D10A /* EditProfileViewController.swift */ = {isa = PBXFileReference; lastKnownFileType = sourcecode.swift; path = EditProfileViewController.swift; sourceTree = "<group>"; };
		2C6611712CA5E49D0034D10A /* ProfileViewController.swift */ = {isa = PBXFileReference; lastKnownFileType = sourcecode.swift; path = ProfileViewController.swift; sourceTree = "<group>"; };
		2C6611722CA5E49D0034D10A /* ProfileViewModel.swift */ = {isa = PBXFileReference; lastKnownFileType = sourcecode.swift; path = ProfileViewModel.swift; sourceTree = "<group>"; };
		2C6611732CA5E49D0034D10A /* ProfileWebViewController.swift */ = {isa = PBXFileReference; lastKnownFileType = sourcecode.swift; path = ProfileWebViewController.swift; sourceTree = "<group>"; };
		2C6611752CA5E49D0034D10A /* Observable.swift */ = {isa = PBXFileReference; lastKnownFileType = sourcecode.swift; path = Observable.swift; sourceTree = "<group>"; };
		2C6611832CA5E5BC0034D10A /* Currency.swift */ = {isa = PBXFileReference; lastKnownFileType = sourcecode.swift; path = Currency.swift; sourceTree = "<group>"; };
		2C6611842CA5E5BC0034D10A /* Nft.swift */ = {isa = PBXFileReference; lastKnownFileType = sourcecode.swift; path = Nft.swift; sourceTree = "<group>"; };
		2C6611852CA5E5BC0034D10A /* NftItem.swift */ = {isa = PBXFileReference; lastKnownFileType = sourcecode.swift; path = NftItem.swift; sourceTree = "<group>"; };
		2C6611862CA5E5BC0034D10A /* Order.swift */ = {isa = PBXFileReference; lastKnownFileType = sourcecode.swift; path = Order.swift; sourceTree = "<group>"; };
		2C6611872CA5E5BC0034D10A /* Payment.swift */ = {isa = PBXFileReference; lastKnownFileType = sourcecode.swift; path = Payment.swift; sourceTree = "<group>"; };
		2C6611882CA5E5BC0034D10A /* Profile.swift */ = {isa = PBXFileReference; lastKnownFileType = sourcecode.swift; path = Profile.swift; sourceTree = "<group>"; };
		2C66118F2CA5E63A0034D10A /* CurrencyListRequest.swift */ = {isa = PBXFileReference; lastKnownFileType = sourcecode.swift; path = CurrencyListRequest.swift; sourceTree = "<group>"; };
		2C6611902CA5E63A0034D10A /* EditOrderRequest.swift */ = {isa = PBXFileReference; lastKnownFileType = sourcecode.swift; path = EditOrderRequest.swift; sourceTree = "<group>"; };
		2C6611912CA5E63A0034D10A /* ExamplePutRequest.swift */ = {isa = PBXFileReference; lastKnownFileType = sourcecode.swift; path = ExamplePutRequest.swift; sourceTree = "<group>"; };
		2C6611922CA5E63A0034D10A /* NftByIdRequest.swift */ = {isa = PBXFileReference; lastKnownFileType = sourcecode.swift; path = NftByIdRequest.swift; sourceTree = "<group>"; };
		2C6611932CA5E63A0034D10A /* NftOrderRequest.swift */ = {isa = PBXFileReference; lastKnownFileType = sourcecode.swift; path = NftOrderRequest.swift; sourceTree = "<group>"; };
		2C6611942CA5E63A0034D10A /* NftsRequest.swift */ = {isa = PBXFileReference; lastKnownFileType = sourcecode.swift; path = NftsRequest.swift; sourceTree = "<group>"; };
		2C6611952CA5E63A0034D10A /* PaymentRequest.swift */ = {isa = PBXFileReference; lastKnownFileType = sourcecode.swift; path = PaymentRequest.swift; sourceTree = "<group>"; };
		2C6611962CA5E63A0034D10A /* ProfilePutRequest.swift */ = {isa = PBXFileReference; lastKnownFileType = sourcecode.swift; path = ProfilePutRequest.swift; sourceTree = "<group>"; };
		2C6611972CA5E63A0034D10A /* ProfileRequest.swift */ = {isa = PBXFileReference; lastKnownFileType = sourcecode.swift; path = ProfileRequest.swift; sourceTree = "<group>"; };
		2C6611982CA5E63A0034D10A /* RequestConstants.swift */ = {isa = PBXFileReference; lastKnownFileType = sourcecode.swift; path = RequestConstants.swift; sourceTree = "<group>"; };
		2C66119A2CA5E63A0034D10A /* ExamplePutService.swift */ = {isa = PBXFileReference; lastKnownFileType = sourcecode.swift; path = ExamplePutService.swift; sourceTree = "<group>"; };
		2C66119B2CA5E63A0034D10A /* NftService.swift */ = {isa = PBXFileReference; lastKnownFileType = sourcecode.swift; path = NftService.swift; sourceTree = "<group>"; };
		2C66119C2CA5E63A0034D10A /* OrderAndPaymentService.swift */ = {isa = PBXFileReference; lastKnownFileType = sourcecode.swift; path = OrderAndPaymentService.swift; sourceTree = "<group>"; };
		2C66119D2CA5E63A0034D10A /* ProfileService.swift */ = {isa = PBXFileReference; lastKnownFileType = sourcecode.swift; path = ProfileService.swift; sourceTree = "<group>"; };
		2C66119E2CA5E63A0034D10A /* ServicesAssemly.swift */ = {isa = PBXFileReference; lastKnownFileType = sourcecode.swift; path = ServicesAssemly.swift; sourceTree = "<group>"; };
		2CF52A292CA5E6FE00B5874D /* NftStorage.swift */ = {isa = PBXFileReference; lastKnownFileType = sourcecode.swift; path = NftStorage.swift; sourceTree = "<group>"; };
		2CF52A2A2CA5E6FE00B5874D /* ProfileStorage.swift */ = {isa = PBXFileReference; lastKnownFileType = sourcecode.swift; path = ProfileStorage.swift; sourceTree = "<group>"; };
		3F478ECE29DB474E00F6D39E /* Colors.swift */ = {isa = PBXFileReference; lastKnownFileType = sourcecode.swift; path = Colors.swift; sourceTree = "<group>"; };
		3F478ED029DB476500F6D39E /* Fonts.swift */ = {isa = PBXFileReference; lastKnownFileType = sourcecode.swift; path = Fonts.swift; sourceTree = "<group>"; };
		3F68069329CBBAF100B4F915 /* FakeNFT.app */ = {isa = PBXFileReference; explicitFileType = wrapper.application; includeInIndex = 0; path = FakeNFT.app; sourceTree = BUILT_PRODUCTS_DIR; };
		3F68069629CBBAF100B4F915 /* AppDelegate.swift */ = {isa = PBXFileReference; lastKnownFileType = sourcecode.swift; path = AppDelegate.swift; sourceTree = "<group>"; };
		3F68069829CBBAF100B4F915 /* SceneDelegate.swift */ = {isa = PBXFileReference; lastKnownFileType = sourcecode.swift; path = SceneDelegate.swift; sourceTree = "<group>"; };
		3F68069F29CBBAF200B4F915 /* Assets.xcassets */ = {isa = PBXFileReference; lastKnownFileType = folder.assetcatalog; path = Assets.xcassets; sourceTree = "<group>"; };
		3F6806A229CBBAF200B4F915 /* Base */ = {isa = PBXFileReference; lastKnownFileType = file.storyboard; name = Base; path = Base.lproj/LaunchScreen.storyboard; sourceTree = "<group>"; };
		3F6806A429CBBAF200B4F915 /* Info.plist */ = {isa = PBXFileReference; lastKnownFileType = text.plist.xml; path = Info.plist; sourceTree = "<group>"; };
		3F6806A929CBBAF200B4F915 /* FakeNFTTests.xctest */ = {isa = PBXFileReference; explicitFileType = wrapper.cfbundle; includeInIndex = 0; path = FakeNFTTests.xctest; sourceTree = BUILT_PRODUCTS_DIR; };
		3F6806AD29CBBAF200B4F915 /* ExampleUnitTests.swift */ = {isa = PBXFileReference; lastKnownFileType = sourcecode.swift; path = ExampleUnitTests.swift; sourceTree = "<group>"; };
		3F6806B329CBBAF200B4F915 /* FakeNFTUITests.xctest */ = {isa = PBXFileReference; explicitFileType = wrapper.cfbundle; includeInIndex = 0; path = FakeNFTUITests.xctest; sourceTree = BUILT_PRODUCTS_DIR; };
		3F6806B729CBBAF200B4F915 /* FakeNFTUITests.swift */ = {isa = PBXFileReference; lastKnownFileType = sourcecode.swift; path = FakeNFTUITests.swift; sourceTree = "<group>"; };
		3F6806D029CBBE6B00B4F915 /* NetworkClient.swift */ = {isa = PBXFileReference; lastKnownFileType = sourcecode.swift; path = NetworkClient.swift; sourceTree = "<group>"; };
		3F6806D229CBBE9600B4F915 /* NetworkRequest.swift */ = {isa = PBXFileReference; lastKnownFileType = sourcecode.swift; path = NetworkRequest.swift; sourceTree = "<group>"; };
		3F6806D429CBBEC700B4F915 /* NetworkTask.swift */ = {isa = PBXFileReference; lastKnownFileType = sourcecode.swift; path = NetworkTask.swift; sourceTree = "<group>"; };
		3F6806D629CBC50A00B4F915 /* CellsReusingUtils.swift */ = {isa = PBXFileReference; lastKnownFileType = sourcecode.swift; path = CellsReusingUtils.swift; sourceTree = "<group>"; };
		3FC8C39229D246BA0081F015 /* DateFormatters+Presets.swift */ = {isa = PBXFileReference; lastKnownFileType = sourcecode.swift; path = "DateFormatters+Presets.swift"; sourceTree = "<group>"; };
		558E39E62C68CE0900FB86AC /* NftService.swift */ = {isa = PBXFileReference; lastKnownFileType = sourcecode.swift; path = NftService.swift; sourceTree = "<group>"; };
		68050FB82C8E4AB100E635C7 /* NFTCellModel.swift */ = {isa = PBXFileReference; lastKnownFileType = sourcecode.swift; path = NFTCellModel.swift; sourceTree = "<group>"; };
		6832BFDD2C9054D800F0F6DE /* ViewSetupable.swift */ = {isa = PBXFileReference; lastKnownFileType = sourcecode.swift; path = ViewSetupable.swift; sourceTree = "<group>"; };
		685647392C93B86400D6D6E0 /* NftsRequest.swift */ = {isa = PBXFileReference; lastKnownFileType = sourcecode.swift; path = NftsRequest.swift; sourceTree = "<group>"; };
		685E98052CA1E2BA004A7563 /* CartViewModel.swift */ = {isa = PBXFileReference; fileEncoding = 4; lastKnownFileType = sourcecode.swift; path = CartViewModel.swift; sourceTree = "<group>"; };
		685E98092CA1E335004A7563 /* DeleteViewController.swift */ = {isa = PBXFileReference; fileEncoding = 4; lastKnownFileType = sourcecode.swift; path = DeleteViewController.swift; sourceTree = "<group>"; };
		685E980B2CA1E393004A7563 /* ParentViewController.swift */ = {isa = PBXFileReference; fileEncoding = 4; lastKnownFileType = sourcecode.swift; path = ParentViewController.swift; sourceTree = "<group>"; };
		685E980E2CA1E3A7004A7563 /* PaymentResultViewController.swift */ = {isa = PBXFileReference; fileEncoding = 4; lastKnownFileType = sourcecode.swift; path = PaymentResultViewController.swift; sourceTree = "<group>"; };
		688398942CA2C03200123508 /* UserCollectionViewModelTest.swift */ = {isa = PBXFileReference; lastKnownFileType = sourcecode.swift; path = UserCollectionViewModelTest.swift; sourceTree = "<group>"; };
		689224442C8A365D00CE698A /* Strings.swift */ = {isa = PBXFileReference; lastKnownFileType = sourcecode.swift; path = Strings.swift; sourceTree = "<group>"; };
		689224492C8A3EA900CE698A /* CartViewController.swift */ = {isa = PBXFileReference; lastKnownFileType = sourcecode.swift; path = CartViewController.swift; sourceTree = "<group>"; };
		6892244D2C8A3FD700CE698A /* StatisticViewController.swift */ = {isa = PBXFileReference; lastKnownFileType = sourcecode.swift; path = StatisticViewController.swift; sourceTree = "<group>"; };
		6892244F2C8A48A800CE698A /* Images.swift */ = {isa = PBXFileReference; lastKnownFileType = sourcecode.swift; path = Images.swift; sourceTree = "<group>"; };
		689224582C8A5A4900CE698A /* en */ = {isa = PBXFileReference; lastKnownFileType = text.plist.strings; name = en; path = en.lproj/Localizable.strings; sourceTree = "<group>"; };
		6892245A2C8A5A5500CE698A /* ru */ = {isa = PBXFileReference; lastKnownFileType = text.plist.strings; name = ru; path = ru.lproj/Localizable.strings; sourceTree = "<group>"; };
		68AB4FF62C9F21A300D61750 /* UserService.swift */ = {isa = PBXFileReference; lastKnownFileType = sourcecode.swift; path = UserService.swift; sourceTree = "<group>"; };
		68AB4FF82C9F21F100D61750 /* UsersRequest.swift */ = {isa = PBXFileReference; lastKnownFileType = sourcecode.swift; path = UsersRequest.swift; sourceTree = "<group>"; };
		68AB4FFB2C9F234500D61750 /* UserStorage.swift */ = {isa = PBXFileReference; lastKnownFileType = sourcecode.swift; path = UserStorage.swift; sourceTree = "<group>"; };
		68B5D3882C8B9A4400FABE53 /* StatisticsUserTableViewCell.swift */ = {isa = PBXFileReference; lastKnownFileType = sourcecode.swift; path = StatisticsUserTableViewCell.swift; sourceTree = "<group>"; };
		68B5D38D2C8BA0EC00FABE53 /* StatisticViewModel.swift */ = {isa = PBXFileReference; lastKnownFileType = sourcecode.swift; path = StatisticViewModel.swift; sourceTree = "<group>"; };
		68B5D3942C8CE5A700FABE53 /* UserCardViewController.swift */ = {isa = PBXFileReference; lastKnownFileType = sourcecode.swift; path = UserCardViewController.swift; sourceTree = "<group>"; };
		68BA90B62C9E03EE00A9729E /* Profile.swift */ = {isa = PBXFileReference; lastKnownFileType = sourcecode.swift; path = Profile.swift; sourceTree = "<group>"; };
		68BA90B92C9E041C00A9729E /* ProfileService.swift */ = {isa = PBXFileReference; lastKnownFileType = sourcecode.swift; path = ProfileService.swift; sourceTree = "<group>"; };
		68BA90BB2C9E043C00A9729E /* ProfileRequest.swift */ = {isa = PBXFileReference; lastKnownFileType = sourcecode.swift; path = ProfileRequest.swift; sourceTree = "<group>"; };
		68BA90BD2C9E075700A9729E /* ProfilePutRequest.swift */ = {isa = PBXFileReference; lastKnownFileType = sourcecode.swift; path = ProfilePutRequest.swift; sourceTree = "<group>"; };
		68C0A1422C93A82100FC05FF /* User.swift */ = {isa = PBXFileReference; lastKnownFileType = sourcecode.swift; path = User.swift; sourceTree = "<group>"; };
		68DC7F962C8E3D5300DB8CDE /* UserCollectionViewController.swift */ = {isa = PBXFileReference; fileEncoding = 4; lastKnownFileType = sourcecode.swift; path = UserCollectionViewController.swift; sourceTree = "<group>"; };
		68DC7F992C8E3D5900DB8CDE /* NFTCollectionViewCell.swift */ = {isa = PBXFileReference; fileEncoding = 4; lastKnownFileType = sourcecode.swift; path = NFTCollectionViewCell.swift; sourceTree = "<group>"; };
		68DD38FF2CA167CD0093F0A3 /* NftOrderRequest.swift */ = {isa = PBXFileReference; lastKnownFileType = sourcecode.swift; path = NftOrderRequest.swift; sourceTree = "<group>"; };
		68DD39012CA168130093F0A3 /* EditOrderRequest.swift */ = {isa = PBXFileReference; lastKnownFileType = sourcecode.swift; path = EditOrderRequest.swift; sourceTree = "<group>"; };
		68DD39032CA1685A0093F0A3 /* Order.swift */ = {isa = PBXFileReference; lastKnownFileType = sourcecode.swift; path = Order.swift; sourceTree = "<group>"; };
		68DD39052CA1687A0093F0A3 /* OrderAndPaymentService.swift */ = {isa = PBXFileReference; lastKnownFileType = sourcecode.swift; path = OrderAndPaymentService.swift; sourceTree = "<group>"; };
		68DD39082CA168980093F0A3 /* Payment.swift */ = {isa = PBXFileReference; lastKnownFileType = sourcecode.swift; path = Payment.swift; sourceTree = "<group>"; };
		68DD390A2CA168B40093F0A3 /* Currency.swift */ = {isa = PBXFileReference; lastKnownFileType = sourcecode.swift; path = Currency.swift; sourceTree = "<group>"; };
		68DD390D2CA168DA0093F0A3 /* PaymentRequest.swift */ = {isa = PBXFileReference; lastKnownFileType = sourcecode.swift; path = PaymentRequest.swift; sourceTree = "<group>"; };
		68DD39102CA168F00093F0A3 /* CurrencyListRequest.swift */ = {isa = PBXFileReference; lastKnownFileType = sourcecode.swift; path = CurrencyListRequest.swift; sourceTree = "<group>"; };
		68DEA61E2C9F739E00A17CCA /* ProfileStorage.swift */ = {isa = PBXFileReference; lastKnownFileType = sourcecode.swift; path = ProfileStorage.swift; sourceTree = "<group>"; };
		68E849302C9E0EB000C8D927 /* UserCardWebViewController.swift */ = {isa = PBXFileReference; fileEncoding = 4; lastKnownFileType = sourcecode.swift; path = UserCardWebViewController.swift; sourceTree = "<group>"; };
		68E849312C9E0EB000C8D927 /* UserCardViewModel.swift */ = {isa = PBXFileReference; fileEncoding = 4; lastKnownFileType = sourcecode.swift; path = UserCardViewModel.swift; sourceTree = "<group>"; };
		68E849342C9E0ED100C8D927 /* UserCollectionViewModel.swift */ = {isa = PBXFileReference; fileEncoding = 4; lastKnownFileType = sourcecode.swift; path = UserCollectionViewModel.swift; sourceTree = "<group>"; };
		68E849372C9E119F00C8D927 /* UIImage+Extensions.swift */ = {isa = PBXFileReference; lastKnownFileType = sourcecode.swift; path = "UIImage+Extensions.swift"; sourceTree = "<group>"; };
		68F7949B2C9B2FEA00770484 /* RatingView.swift */ = {isa = PBXFileReference; lastKnownFileType = sourcecode.swift; path = RatingView.swift; sourceTree = "<group>"; };
		E1A1B9D92AA01CE400C3AFBC /* TabBarController.swift */ = {isa = PBXFileReference; lastKnownFileType = sourcecode.swift; path = TabBarController.swift; sourceTree = "<group>"; };
		E1CD40D92A96BE7D00BE7FE8 /* ru */ = {isa = PBXFileReference; lastKnownFileType = text.plist.strings; name = ru; path = ru.lproj/LaunchScreen.strings; sourceTree = "<group>"; };
/* End PBXFileReference section */

/* Begin PBXFrameworksBuildPhase section */
		3F68069029CBBAF100B4F915 /* Frameworks */ = {
			isa = PBXFrameworksBuildPhase;
			buildActionMask = 2147483647;
			files = (
				3F603CD029DB4A74000C43D7 /* Kingfisher in Frameworks */,
				3F603CCD29DB4A53000C43D7 /* ProgressHUD in Frameworks */,
				689224532C8A50FE00CE698A /* RswiftLibrary in Frameworks */,
			);
			runOnlyForDeploymentPostprocessing = 0;
		};
		3F6806A629CBBAF200B4F915 /* Frameworks */ = {
			isa = PBXFrameworksBuildPhase;
			buildActionMask = 2147483647;
			files = (
			);
			runOnlyForDeploymentPostprocessing = 0;
		};
		3F6806B029CBBAF200B4F915 /* Frameworks */ = {
			isa = PBXFrameworksBuildPhase;
			buildActionMask = 2147483647;
			files = (
			);
			runOnlyForDeploymentPostprocessing = 0;
		};
/* End PBXFrameworksBuildPhase section */

/* Begin PBXGroup section */
		0C4471CF2C8F21C7005D3274 /* Cell */ = {
			isa = PBXGroup;
			children = (
				685E980B2CA1E393004A7563 /* ParentViewController.swift */,
				0C4471CD2C8F21B3005D3274 /* CartTableViewCell.swift */,
			);
			path = Cell;
			sourceTree = "<group>";
		};
		0C4471D22C8F7549005D3274 /* Payment */ = {
			isa = PBXGroup;
			children = (
				685E980E2CA1E3A7004A7563 /* PaymentResultViewController.swift */,
				0CBDBA412C94E93000D1D5CC /* PaymentViewCell.swift */,
				0C4471D32C8F7556005D3274 /* PaymentViewController.swift */,
				0CBDBA3E2C94E88E00D1D5CC /* WebViewController.swift */,
			);
			path = Payment;
			sourceTree = "<group>";
		};
		0CBDBA4C2C95899D00D1D5CC /* Delete */ = {
			isa = PBXGroup;
			children = (
				685E98092CA1E335004A7563 /* DeleteViewController.swift */,
			);
			path = Delete;
			sourceTree = "<group>";
		};
		0CF2C2D92A783C1600FDC837 /* Common */ = {
			isa = PBXGroup;
			children = (
				0CF2C2DF2A784C5600FDC837 /* Views */,
				0CF2C2DE2A784C4C00FDC837 /* Protocols */,
			);
			path = Common;
			sourceTree = "<group>";
		};
		0CF2C2DE2A784C4C00FDC837 /* Protocols */ = {
			isa = PBXGroup;
			children = (
				0CF2C2DA2A783C1B00FDC837 /* LoadingView.swift */,
				0CF2C2DC2A783CE600FDC837 /* ErrorView.swift */,
				6832BFDD2C9054D800F0F6DE /* ViewSetupable.swift */,
			);
			path = Protocols;
			sourceTree = "<group>";
		};
		0CF2C2DF2A784C5600FDC837 /* Views */ = {
			isa = PBXGroup;
			children = (
				0CF2C2E02A784C7000FDC837 /* LinePageControl.swift */,
			);
			path = Views;
			sourceTree = "<group>";
		};
		0CFCB7472A7808870009A829 /* Catalog */ = {
			isa = PBXGroup;
			children = (
				1C3284C12C91FD9A0039F498 /* CatalogScreen */,
				1C3284C22C91FDB00039F498 /* CollectionScreen */,
			);
			path = Catalog;
			sourceTree = "<group>";
		};
		0CFCB74C2A7817C30009A829 /* MemoryStorage */ = {
			isa = PBXGroup;
			children = (
				2C4D770F2CAB20B10042F13C /* NftStorage.swift */,
				68DEA61E2C9F739E00A17CCA /* ProfileStorage.swift */,
				68AB4FFB2C9F234500D61750 /* UserStorage.swift */,
			);
			path = MemoryStorage;
			sourceTree = "<group>";
		};
		1C3284C12C91FD9A0039F498 /* CatalogScreen */ = {
			isa = PBXGroup;
			children = (
				1C3284C82C91FDDD0039F498 /* Model */,
				1C3284C72C91FDD70039F498 /* ViewModel */,
				1C3284C62C91FDD00039F498 /* View */,
			);
			path = CatalogScreen;
			sourceTree = "<group>";
		};
		1C3284C22C91FDB00039F498 /* CollectionScreen */ = {
			isa = PBXGroup;
			children = (
				1C3284C52C91FDC80039F498 /* Model */,
				1C3284C42C91FDC10039F498 /* ViewModel */,
				1C3284C32C91FDBC0039F498 /* View */,
			);
			path = CollectionScreen;
			sourceTree = "<group>";
		};
		1C3284C32C91FDBC0039F498 /* View */ = {
			isa = PBXGroup;
			children = (
				1C8EAFC12C8FAA9A00CF3A1B /* CollectionViewController.swift */,
				1C8EAFC62C8FB8C700CF3A1B /* NFTCellForCollectionView.swift */,
				1C4A6DFA2CA0B4E200A685CF /* AuthorWebViewController.swift */,
			);
			path = View;
			sourceTree = "<group>";
		};
		1C3284C42C91FDC10039F498 /* ViewModel */ = {
			isa = PBXGroup;
			children = (
				1C8EAFC42C8FAAAE00CF3A1B /* CollectionViewModel.swift */,
				1C66D4852C908FAE00F6A565 /* NFTCellModelCollection.swift */,
			);
			path = ViewModel;
			sourceTree = "<group>";
		};
		1C3284C52C91FDC80039F498 /* Model */ = {
			isa = PBXGroup;
			children = (
				1C66D4872C90AC8C00F6A565 /* CollectionModel.swift */,
			);
			path = Model;
			sourceTree = "<group>";
		};
		1C3284C62C91FDD00039F498 /* View */ = {
			isa = PBXGroup;
			children = (
				1C8EAFB62C8F66C200CF3A1B /* CatalogTableViewCell.swift */,
				0CFCB7482A7808900009A829 /* CatalogViewController.swift */,
				1C8EAFBE2C8F90A700CF3A1B /* CustomAlertControllerForSort.swift */,
			);
			path = View;
			sourceTree = "<group>";
		};
		1C3284C72C91FDD70039F498 /* ViewModel */ = {
			isa = PBXGroup;
			children = (
				1C8EAFB82C8F66D800CF3A1B /* CatalogViewModel.swift */,
				1C045E022C98CCBA0063CE78 /* EnumForSort.swift */,
			);
			path = ViewModel;
			sourceTree = "<group>";
		};
		1C3284C82C91FDDD0039F498 /* Model */ = {
			isa = PBXGroup;
			children = (
				1C8EAFBC2C8F6AF300CF3A1B /* NFTModelCatalog.swift */,
				1C8EAFBA2C8F66E400CF3A1B /* CatalogModel.swift */,
				1C5E67872C9A19AD000128C2 /* CatalogRequest.swift */,
			);
			path = Model;
			sourceTree = "<group>";
		};
		2C4D77052CAB1FED0042F13C /* Recovered References */ = {
			isa = PBXGroup;
			children = (
				2C6611882CA5E5BC0034D10A /* Profile.swift */,
				2C6611872CA5E5BC0034D10A /* Payment.swift */,
				2C6611832CA5E5BC0034D10A /* Currency.swift */,
				2C6611862CA5E5BC0034D10A /* Order.swift */,
				2C6611852CA5E5BC0034D10A /* NftItem.swift */,
				2C6611842CA5E5BC0034D10A /* Nft.swift */,
				2CF52A292CA5E6FE00B5874D /* NftStorage.swift */,
				2CF52A2A2CA5E6FE00B5874D /* ProfileStorage.swift */,
				68AB4FF62C9F21A300D61750 /* UserService.swift */,
				68DD39052CA1687A0093F0A3 /* OrderAndPaymentService.swift */,
				0CBDBA5F2C9B561C00D1D5CC /* PaymentRequest.swift */,
				68DD39012CA168130093F0A3 /* EditOrderRequest.swift */,
				68AB4FF82C9F21F100D61750 /* UsersRequest.swift */,
				68BA90BB2C9E043C00A9729E /* ProfileRequest.swift */,
				68BA90B92C9E041C00A9729E /* ProfileService.swift */,
				0CBDBA532C97657500D1D5CC /* EditOrderRequest.swift */,
				0CBDBA502C971E0D00D1D5CC /* OrderAndPaymentService.swift */,
				685647392C93B86400D6D6E0 /* NftsRequest.swift */,
				68DD38FF2CA167CD0093F0A3 /* NftOrderRequest.swift */,
				558E39E62C68CE0900FB86AC /* NftService.swift */,
				68DD39102CA168F00093F0A3 /* CurrencyListRequest.swift */,
				0C79EE6B2A76DE2E00EE90EA /* ServicesAssemly.swift */,
				68DD390D2CA168DA0093F0A3 /* PaymentRequest.swift */,
				0CBDBA392C94D9CC00D1D5CC /* NftOrderRequest.swift */,
				0C79EE602A76DCD600EE90EA /* NftByIdRequest.swift */,
				68BA90BD2C9E075700A9729E /* ProfilePutRequest.swift */,
				0C79EE622A76DD1900EE90EA /* RequestConstants.swift */,
				1CFE6A4C2CA2FE4E003A9963 /* Order.swift */,
				1CFE6A4F2CA300C7003A9963 /* OrderAndPaymentService.swift */,
				1CFE6A512CA3015E003A9963 /* Currency.swift */,
				1CFE6A532CA30194003A9963 /* Payment.swift */,
				0CFCB74D2A7817DC0009A829 /* NftStorage.swift */,
			);
			name = "Recovered References";
			sourceTree = "<group>";
		};
		2C66116B2CA5E49D0034D10A /* FavouritesNft */ = {
			isa = PBXGroup;
			children = (
				2C6611682CA5E49D0034D10A /* FavouritesNftCollectionViewCell.swift */,
				2C6611692CA5E49D0034D10A /* FavouritesNftViewController.swift */,
				2C66116A2CA5E49D0034D10A /* FavouritesNftViewModel.swift */,
			);
			path = FavouritesNft;
			sourceTree = "<group>";
		};
		2C66116F2CA5E49D0034D10A /* MyNft */ = {
			isa = PBXGroup;
			children = (
				2C66116C2CA5E49D0034D10A /* MyNftTableViewCell.swift */,
				2C66116D2CA5E49D0034D10A /* MyNftViewController.swift */,
				2C66116E2CA5E49D0034D10A /* MyNftViewModel.swift */,
			);
			path = MyNft;
			sourceTree = "<group>";
		};
		2C6611742CA5E49D0034D10A /* Profile */ = {
			isa = PBXGroup;
			children = (
				2C6611702CA5E49D0034D10A /* EditProfileViewController.swift */,
				2C6611712CA5E49D0034D10A /* ProfileViewController.swift */,
				2C6611722CA5E49D0034D10A /* ProfileViewModel.swift */,
				2C6611732CA5E49D0034D10A /* ProfileWebViewController.swift */,
			);
			path = Profile;
			sourceTree = "<group>";
		};
		2C6611762CA5E49D0034D10A /* Profile */ = {
			isa = PBXGroup;
			children = (
				2C66116B2CA5E49D0034D10A /* FavouritesNft */,
				2C66116F2CA5E49D0034D10A /* MyNft */,
				2C6611742CA5E49D0034D10A /* Profile */,
				2C6611752CA5E49D0034D10A /* Observable.swift */,
			);
			path = Profile;
			sourceTree = "<group>";
		};
		2C6611992CA5E63A0034D10A /* Requests */ = {
			isa = PBXGroup;
			children = (
				2C4D77142CAB20FC0042F13C /* UsersRequest.swift */,
				2C66118F2CA5E63A0034D10A /* CurrencyListRequest.swift */,
				2C6611902CA5E63A0034D10A /* EditOrderRequest.swift */,
				2C6611912CA5E63A0034D10A /* ExamplePutRequest.swift */,
				2C6611922CA5E63A0034D10A /* NftByIdRequest.swift */,
				2C6611932CA5E63A0034D10A /* NftOrderRequest.swift */,
				2C6611942CA5E63A0034D10A /* NftsRequest.swift */,
				2C6611952CA5E63A0034D10A /* PaymentRequest.swift */,
				2C6611962CA5E63A0034D10A /* ProfilePutRequest.swift */,
				2C6611972CA5E63A0034D10A /* ProfileRequest.swift */,
				2C6611982CA5E63A0034D10A /* RequestConstants.swift */,
			);
			path = Requests;
			sourceTree = "<group>";
		};
		2C66119F2CA5E63A0034D10A /* Services */ = {
			isa = PBXGroup;
			children = (
				2C4D77112CAB20E30042F13C /* UserService.swift */,
				2C6611992CA5E63A0034D10A /* Requests */,
				2C66119A2CA5E63A0034D10A /* ExamplePutService.swift */,
				2C66119B2CA5E63A0034D10A /* NftService.swift */,
				2C66119C2CA5E63A0034D10A /* OrderAndPaymentService.swift */,
				2C66119D2CA5E63A0034D10A /* ProfileService.swift */,
				2C66119E2CA5E63A0034D10A /* ServicesAssemly.swift */,
			);
			path = Services;
			sourceTree = "<group>";
		};
		3F478ECD29DB473000F6D39E /* DesignSystem */ = {
			isa = PBXGroup;
			children = (
				3F478ECE29DB474E00F6D39E /* Colors.swift */,
				3F478ED029DB476500F6D39E /* Fonts.swift */,
				689224442C8A365D00CE698A /* Strings.swift */,
				6892244F2C8A48A800CE698A /* Images.swift */,
			);
			path = DesignSystem;
			sourceTree = "<group>";
		};
		3F68068A29CBBAF100B4F915 = {
			isa = PBXGroup;
			children = (
				3F68069529CBBAF100B4F915 /* FakeNFT */,
				3F6806AC29CBBAF200B4F915 /* FakeNFTTests */,
				3F6806B629CBBAF200B4F915 /* FakeNFTUITests */,
				3F68069429CBBAF100B4F915 /* Products */,
				2C4D77052CAB1FED0042F13C /* Recovered References */,
			);
			sourceTree = "<group>";
		};
		3F68069429CBBAF100B4F915 /* Products */ = {
			isa = PBXGroup;
			children = (
				3F68069329CBBAF100B4F915 /* FakeNFT.app */,
				3F6806A929CBBAF200B4F915 /* FakeNFTTests.xctest */,
				3F6806B329CBBAF200B4F915 /* FakeNFTUITests.xctest */,
			);
			name = Products;
			sourceTree = "<group>";
		};
		3F68069529CBBAF100B4F915 /* FakeNFT */ = {
			isa = PBXGroup;
			children = (
				3F68069629CBBAF100B4F915 /* AppDelegate.swift */,
				3F68069829CBBAF100B4F915 /* SceneDelegate.swift */,
				E1CD40DA2A96BE9B00BE7FE8 /* Resources */,
				3F478ECD29DB473000F6D39E /* DesignSystem */,
				3F6806CE29CBBD1B00B4F915 /* Foundation */,
				3F6806C929CBBCAF00B4F915 /* Models */,
				3F6806C729CBBC5B00B4F915 /* Scenes  */,
				3F6806A429CBBAF200B4F915 /* Info.plist */,
				2C66119F2CA5E63A0034D10A /* Services */,
			);
			path = FakeNFT;
			sourceTree = "<group>";
		};
		3F6806AC29CBBAF200B4F915 /* FakeNFTTests */ = {
			isa = PBXGroup;
			children = (
				68DEA6242C9F847B00A17CCA /* Statistics */,
				3F6806AD29CBBAF200B4F915 /* ExampleUnitTests.swift */,
			);
			path = FakeNFTTests;
			sourceTree = "<group>";
		};
		3F6806B629CBBAF200B4F915 /* FakeNFTUITests */ = {
			isa = PBXGroup;
			children = (
				3F6806B729CBBAF200B4F915 /* FakeNFTUITests.swift */,
			);
			path = FakeNFTUITests;
			sourceTree = "<group>";
		};
		3F6806C729CBBC5B00B4F915 /* Scenes  */ = {
			isa = PBXGroup;
			children = (
				E1A1B9D82AA01C9700C3AFBC /* TabBarController */,
				0CF2C2D92A783C1600FDC837 /* Common */,
				0CFCB7472A7808870009A829 /* Catalog */,
				689224462C8A3E1A00CE698A /* Cart */,
				689224482C8A3E8E00CE698A /* Statistics */,
				2C6611762CA5E49D0034D10A /* Profile */,
			);
			path = "Scenes ";
			sourceTree = "<group>";
		};
		3F6806C929CBBCAF00B4F915 /* Models */ = {
			isa = PBXGroup;
			children = (
				3F6806D829CC979D00B4F915 /* Network */,
			);
			path = Models;
			sourceTree = "<group>";
		};
		3F6806CE29CBBD1B00B4F915 /* Foundation */ = {
			isa = PBXGroup;
			children = (
				0CFCB74C2A7817C30009A829 /* MemoryStorage */,
				3F6806CF29CBBDB100B4F915 /* NetworkClient */,
				3F6806D629CBC50A00B4F915 /* CellsReusingUtils.swift */,
				3FC8C39229D246BA0081F015 /* DateFormatters+Presets.swift */,
				0CFCB74A2A780EA80009A829 /* UIView+Constraints.swift */,
				68E849372C9E119F00C8D927 /* UIImage+Extensions.swift */,
			);
			path = Foundation;
			sourceTree = "<group>";
		};
		3F6806CF29CBBDB100B4F915 /* NetworkClient */ = {
			isa = PBXGroup;
			children = (
				3F6806D029CBBE6B00B4F915 /* NetworkClient.swift */,
				3F6806D229CBBE9600B4F915 /* NetworkRequest.swift */,
				3F6806D429CBBEC700B4F915 /* NetworkTask.swift */,
			);
			path = NetworkClient;
			sourceTree = "<group>";
		};
		3F6806D829CC979D00B4F915 /* Network */ = {
			isa = PBXGroup;
			children = (
				2C4D770D2CAB20990042F13C /* Nft.swift */,
				0C4471D02C8F3114005D3274 /* NftItem.swift */,
				0CBDBA432C94EAAE00D1D5CC /* Currency.swift */,
				0CBDBA622C9B57A400D1D5CC /* Payment.swift */,
				68C0A1422C93A82100FC05FF /* User.swift */,
				68BA90B62C9E03EE00A9729E /* Profile.swift */,
				68DD39032CA1685A0093F0A3 /* Order.swift */,
				68DD39082CA168980093F0A3 /* Payment.swift */,
				68DD390A2CA168B40093F0A3 /* Currency.swift */,
			);
			path = Network;
			sourceTree = "<group>";
		};
		689224462C8A3E1A00CE698A /* Cart */ = {
			isa = PBXGroup;
			children = (
				1CFE6A582CA30271003A9963 /* CurrencyListRequest.swift */,
				1CFE6A572CA30271003A9963 /* EditOrderRequest.swift */,
				1CFE6A592CA30271003A9963 /* PaymentRequest.swift */,
				1CFE6A552CA30219003A9963 /* NftOrderRequest.swift */,
				0CBDBA4C2C95899D00D1D5CC /* Delete */,
				0C4471D22C8F7549005D3274 /* Payment */,
				0C4471CF2C8F21C7005D3274 /* Cell */,
				689224492C8A3EA900CE698A /* CartViewController.swift */,
				685E98052CA1E2BA004A7563 /* CartViewModel.swift */,
				0CBDBA5B2C99EC7A00D1D5CC /* SetupBlurEffect.swift */,
			);
			path = Cart;
			sourceTree = "<group>";
		};
		689224482C8A3E8E00CE698A /* Statistics */ = {
			isa = PBXGroup;
			children = (
				68B5D3932C8BA48800FABE53 /* UsersCollection */,
				68B5D3922C8BA47900FABE53 /* UserCard */,
				68B5D3902C8BA46D00FABE53 /* Rating */,
			);
			path = Statistics;
			sourceTree = "<group>";
		};
		68B5D3842C8B988700FABE53 /* Cell */ = {
			isa = PBXGroup;
			children = (
				68B5D3882C8B9A4400FABE53 /* StatisticsUserTableViewCell.swift */,
			);
			path = Cell;
			sourceTree = "<group>";
		};
		68B5D3902C8BA46D00FABE53 /* Rating */ = {
			isa = PBXGroup;
			children = (
				68B5D3842C8B988700FABE53 /* Cell */,
				6892244D2C8A3FD700CE698A /* StatisticViewController.swift */,
				68B5D38D2C8BA0EC00FABE53 /* StatisticViewModel.swift */,
			);
			path = Rating;
			sourceTree = "<group>";
		};
		68B5D3922C8BA47900FABE53 /* UserCard */ = {
			isa = PBXGroup;
			children = (
				68E849312C9E0EB000C8D927 /* UserCardViewModel.swift */,
				68E849302C9E0EB000C8D927 /* UserCardWebViewController.swift */,
				68B5D3942C8CE5A700FABE53 /* UserCardViewController.swift */,
			);
			path = UserCard;
			sourceTree = "<group>";
		};
		68B5D3932C8BA48800FABE53 /* UsersCollection */ = {
			isa = PBXGroup;
			children = (
				68DC7F962C8E3D5300DB8CDE /* UserCollectionViewController.swift */,
				68E849342C9E0ED100C8D927 /* UserCollectionViewModel.swift */,
				68F7949A2C9B2FD900770484 /* View */,
				68DC7F982C8E3D5900DB8CDE /* Cell */,
			);
			path = UsersCollection;
			sourceTree = "<group>";
		};
		68DC7F982C8E3D5900DB8CDE /* Cell */ = {
			isa = PBXGroup;
			children = (
				68DC7F992C8E3D5900DB8CDE /* NFTCollectionViewCell.swift */,
				68050FB82C8E4AB100E635C7 /* NFTCellModel.swift */,
			);
			path = Cell;
			sourceTree = "<group>";
		};
		68DEA6242C9F847B00A17CCA /* Statistics */ = {
			isa = PBXGroup;
			children = (
				688398942CA2C03200123508 /* UserCollectionViewModelTest.swift */,
			);
			path = Statistics;
			sourceTree = "<group>";
		};
		68F7949A2C9B2FD900770484 /* View */ = {
			isa = PBXGroup;
			children = (
				68F7949B2C9B2FEA00770484 /* RatingView.swift */,
			);
			path = View;
			sourceTree = "<group>";
		};
		E1A1B9D82AA01C9700C3AFBC /* TabBarController */ = {
			isa = PBXGroup;
			children = (
				E1A1B9D92AA01CE400C3AFBC /* TabBarController.swift */,
			);
			path = TabBarController;
			sourceTree = "<group>";
		};
		E1CD40DA2A96BE9B00BE7FE8 /* Resources */ = {
			isa = PBXGroup;
			children = (
				3F68069F29CBBAF200B4F915 /* Assets.xcassets */,
				3F6806A129CBBAF200B4F915 /* LaunchScreen.storyboard */,
				689224592C8A5A4900CE698A /* Localizable.strings */,
			);
			path = Resources;
			sourceTree = "<group>";
		};
/* End PBXGroup section */

/* Begin PBXNativeTarget section */
		3F68069229CBBAF100B4F915 /* FakeNFT */ = {
			isa = PBXNativeTarget;
			buildConfigurationList = 3F6806BD29CBBAF200B4F915 /* Build configuration list for PBXNativeTarget "FakeNFT" */;
			buildPhases = (
				3F68068F29CBBAF100B4F915 /* Sources */,
				3F68069029CBBAF100B4F915 /* Frameworks */,
				3F68069129CBBAF100B4F915 /* Resources */,
			);
			buildRules = (
			);
			dependencies = (
				689224552C8A528D00CE698A /* PBXTargetDependency */,
			);
			name = FakeNFT;
			packageProductDependencies = (
				3F603CCC29DB4A53000C43D7 /* ProgressHUD */,
				3F603CCF29DB4A74000C43D7 /* Kingfisher */,
				689224522C8A50FE00CE698A /* RswiftLibrary */,
			);
			productName = FakeNFT;
			productReference = 3F68069329CBBAF100B4F915 /* FakeNFT.app */;
			productType = "com.apple.product-type.application";
		};
		3F6806A829CBBAF200B4F915 /* FakeNFTTests */ = {
			isa = PBXNativeTarget;
			buildConfigurationList = 3F6806C029CBBAF200B4F915 /* Build configuration list for PBXNativeTarget "FakeNFTTests" */;
			buildPhases = (
				3F6806A529CBBAF200B4F915 /* Sources */,
				3F6806A629CBBAF200B4F915 /* Frameworks */,
				3F6806A729CBBAF200B4F915 /* Resources */,
			);
			buildRules = (
			);
			dependencies = (
				3F6806AB29CBBAF200B4F915 /* PBXTargetDependency */,
			);
			name = FakeNFTTests;
			productName = FakeNFTTests;
			productReference = 3F6806A929CBBAF200B4F915 /* FakeNFTTests.xctest */;
			productType = "com.apple.product-type.bundle.unit-test";
		};
		3F6806B229CBBAF200B4F915 /* FakeNFTUITests */ = {
			isa = PBXNativeTarget;
			buildConfigurationList = 3F6806C329CBBAF200B4F915 /* Build configuration list for PBXNativeTarget "FakeNFTUITests" */;
			buildPhases = (
				3F6806AF29CBBAF200B4F915 /* Sources */,
				3F6806B029CBBAF200B4F915 /* Frameworks */,
				3F6806B129CBBAF200B4F915 /* Resources */,
			);
			buildRules = (
			);
			dependencies = (
				3F6806B529CBBAF200B4F915 /* PBXTargetDependency */,
			);
			name = FakeNFTUITests;
			productName = FakeNFTUITests;
			productReference = 3F6806B329CBBAF200B4F915 /* FakeNFTUITests.xctest */;
			productType = "com.apple.product-type.bundle.ui-testing";
		};
/* End PBXNativeTarget section */

/* Begin PBXProject section */
		3F68068B29CBBAF100B4F915 /* Project object */ = {
			isa = PBXProject;
			attributes = {
				BuildIndependentTargetsInParallel = 1;
				LastSwiftUpdateCheck = 1420;
				LastUpgradeCheck = 1420;
				TargetAttributes = {
					3F68069229CBBAF100B4F915 = {
						CreatedOnToolsVersion = 14.2;
					};
					3F6806A829CBBAF200B4F915 = {
						CreatedOnToolsVersion = 14.2;
						TestTargetID = 3F68069229CBBAF100B4F915;
					};
					3F6806B229CBBAF200B4F915 = {
						CreatedOnToolsVersion = 14.2;
						TestTargetID = 3F68069229CBBAF100B4F915;
					};
				};
			};
			buildConfigurationList = 3F68068E29CBBAF100B4F915 /* Build configuration list for PBXProject "FakeNFT" */;
			compatibilityVersion = "Xcode 14.0";
			developmentRegion = ru;
			hasScannedForEncodings = 0;
			knownRegions = (
				en,
				Base,
				ru,
			);
			mainGroup = 3F68068A29CBBAF100B4F915;
			packageReferences = (
				3F603CCB29DB4A53000C43D7 /* XCRemoteSwiftPackageReference "ProgressHUD" */,
				3F603CCE29DB4A74000C43D7 /* XCRemoteSwiftPackageReference "Kingfisher" */,
				689224512C8A50FE00CE698A /* XCRemoteSwiftPackageReference "R" */,
			);
			productRefGroup = 3F68069429CBBAF100B4F915 /* Products */;
			projectDirPath = "";
			projectRoot = "";
			targets = (
				3F68069229CBBAF100B4F915 /* FakeNFT */,
				3F6806A829CBBAF200B4F915 /* FakeNFTTests */,
				3F6806B229CBBAF200B4F915 /* FakeNFTUITests */,
			);
		};
/* End PBXProject section */

/* Begin PBXResourcesBuildPhase section */
		3F68069129CBBAF100B4F915 /* Resources */ = {
			isa = PBXResourcesBuildPhase;
			buildActionMask = 2147483647;
			files = (
				3F6806A329CBBAF200B4F915 /* LaunchScreen.storyboard in Resources */,
				689224572C8A5A4900CE698A /* Localizable.strings in Resources */,
				3F6806A029CBBAF200B4F915 /* Assets.xcassets in Resources */,
			);
			runOnlyForDeploymentPostprocessing = 0;
		};
		3F6806A729CBBAF200B4F915 /* Resources */ = {
			isa = PBXResourcesBuildPhase;
			buildActionMask = 2147483647;
			files = (
			);
			runOnlyForDeploymentPostprocessing = 0;
		};
		3F6806B129CBBAF200B4F915 /* Resources */ = {
			isa = PBXResourcesBuildPhase;
			buildActionMask = 2147483647;
			files = (
			);
			runOnlyForDeploymentPostprocessing = 0;
		};
/* End PBXResourcesBuildPhase section */

/* Begin PBXSourcesBuildPhase section */
		3F68068F29CBBAF100B4F915 /* Sources */ = {
			isa = PBXSourcesBuildPhase;
			buildActionMask = 2147483647;
			files = (
				68E849352C9E0ED100C8D927 /* UserCollectionViewModel.swift in Sources */,
				1C66D4862C908FAE00F6A565 /* NFTCellModelCollection.swift in Sources */,
				1C8EAFB72C8F66C200CF3A1B /* CatalogTableViewCell.swift in Sources */,
				68DC7F9A2C8E3D5900DB8CDE /* NFTCollectionViewCell.swift in Sources */,
				3F478ECF29DB474E00F6D39E /* Colors.swift in Sources */,
				1C8EAFBB2C8F66E400CF3A1B /* CatalogModel.swift in Sources */,
				1C8EAFC52C8FAAAE00CF3A1B /* CollectionViewModel.swift in Sources */,
				6832BFDE2C9054D800F0F6DE /* ViewSetupable.swift in Sources */,
				2C6611A02CA5E63A0034D10A /* ExamplePutRequest.swift in Sources */,
				2C6611A12CA5E63A0034D10A /* ExamplePutService.swift in Sources */,
				2C6611A22CA5E63A0034D10A /* CurrencyListRequest.swift in Sources */,
				2C6611A32CA5E63A0034D10A /* ProfileRequest.swift in Sources */,
				2C6611A42CA5E63A0034D10A /* NftService.swift in Sources */,
				2C6611A52CA5E63A0034D10A /* NftsRequest.swift in Sources */,
				2C6611A62CA5E63A0034D10A /* ServicesAssemly.swift in Sources */,
				2C6611A72CA5E63A0034D10A /* NftOrderRequest.swift in Sources */,
				2C6611A82CA5E63A0034D10A /* NftByIdRequest.swift in Sources */,
				2C6611A92CA5E63A0034D10A /* ProfileService.swift in Sources */,
				2C6611AA2CA5E63A0034D10A /* ProfilePutRequest.swift in Sources */,
				2C6611AB2CA5E63A0034D10A /* PaymentRequest.swift in Sources */,
				2C6611AC2CA5E63A0034D10A /* OrderAndPaymentService.swift in Sources */,
				2C6611AD2CA5E63A0034D10A /* RequestConstants.swift in Sources */,
				2C6611AE2CA5E63A0034D10A /* EditOrderRequest.swift in Sources */,
				0CBDBA5C2C99EC7A00D1D5CC /* SetupBlurEffect.swift in Sources */,
				1C8EAFBF2C8F90A700CF3A1B /* CustomAlertControllerForSort.swift in Sources */,
				1C8EAFBD2C8F6AF300CF3A1B /* NFTModelCatalog.swift in Sources */,
				E1A1B9DA2AA01CE400C3AFBC /* TabBarController.swift in Sources */,
				2C6611772CA5E49D0034D10A /* Observable.swift in Sources */,
				2C6611782CA5E49D0034D10A /* EditProfileViewController.swift in Sources */,
				2C6611792CA5E49D0034D10A /* MyNftTableViewCell.swift in Sources */,
				2C66117A2CA5E49D0034D10A /* ProfileViewController.swift in Sources */,
				2C66117B2CA5E49D0034D10A /* FavouritesNftViewController.swift in Sources */,
				2C4D77122CAB20E30042F13C /* UserService.swift in Sources */,
				2C66117C2CA5E49D0034D10A /* ProfileViewModel.swift in Sources */,
				2C66117D2CA5E49D0034D10A /* ProfileWebViewController.swift in Sources */,
				2C66117E2CA5E49D0034D10A /* FavouritesNftCollectionViewCell.swift in Sources */,
				2C66117F2CA5E49D0034D10A /* FavouritesNftViewModel.swift in Sources */,
				2C6611802CA5E49D0034D10A /* MyNftViewModel.swift in Sources */,
				2C6611812CA5E49D0034D10A /* MyNftViewController.swift in Sources */,
				3F478ED129DB476500F6D39E /* Fonts.swift in Sources */,
				68E849332C9E0EB000C8D927 /* UserCardViewModel.swift in Sources */,
				68B5D38E2C8BA0EC00FABE53 /* StatisticViewModel.swift in Sources */,
				2C4D770E2CAB20990042F13C /* Nft.swift in Sources */,
				2C4D77102CAB20B10042F13C /* NftStorage.swift in Sources */,
				68B5D3952C8CE5A700FABE53 /* UserCardViewController.swift in Sources */,
				3FC8C39329D246BA0081F015 /* DateFormatters+Presets.swift in Sources */,
				68DD39092CA168980093F0A3 /* Payment.swift in Sources */,
				68F7949C2C9B2FEA00770484 /* RatingView.swift in Sources */,
				68050FB92C8E4AB100E635C7 /* NFTCellModel.swift in Sources */,
				68DD39042CA1685A0093F0A3 /* Order.swift in Sources */,
				685E980C2CA1E393004A7563 /* ParentViewController.swift in Sources */,
				6892244E2C8A3FD700CE698A /* StatisticViewController.swift in Sources */,
				0CF2C2DD2A783CE600FDC837 /* ErrorView.swift in Sources */,
				68AB4FFC2C9F234500D61750 /* UserStorage.swift in Sources */,
				0C4471CE2C8F21B3005D3274 /* CartTableViewCell.swift in Sources */,
				689224502C8A48A800CE698A /* Images.swift in Sources */,
				1C8EAFC72C8FB8C700CF3A1B /* NFTCellForCollectionView.swift in Sources */,
				1C8EAFC22C8FAA9A00CF3A1B /* CollectionViewController.swift in Sources */,
				68BA90B72C9E03EE00A9729E /* Profile.swift in Sources */,
				3F6806D529CBBEC700B4F915 /* NetworkTask.swift in Sources */,
				0CF2C2DB2A783C1B00FDC837 /* LoadingView.swift in Sources */,
				0C4471D12C8F3114005D3274 /* NftItem.swift in Sources */,
				685E98062CA1E2BA004A7563 /* CartViewModel.swift in Sources */,
				685E980A2CA1E336004A7563 /* DeleteViewController.swift in Sources */,
				0CBDBA442C94EAAE00D1D5CC /* Currency.swift in Sources */,
				68BA90B72C9E03EE00A9729E /* Profile.swift in Sources */,
				3F6806D529CBBEC700B4F915 /* NetworkTask.swift in Sources */,
				0CF2C2DB2A783C1B00FDC837 /* LoadingView.swift in Sources */,
				68C0A1432C93A82100FC05FF /* User.swift in Sources */,
				6892244A2C8A3EA900CE698A /* CartViewController.swift in Sources */,
				3F68069729CBBAF100B4F915 /* AppDelegate.swift in Sources */,
				1C8EAFB92C8F66D800CF3A1B /* CatalogViewModel.swift in Sources */,
				0CBDBA422C94E93000D1D5CC /* PaymentViewCell.swift in Sources */,
				685E980F2CA1E3A7004A7563 /* PaymentResultViewController.swift in Sources */,
				3F68069929CBBAF100B4F915 /* SceneDelegate.swift in Sources */,
				2C4D77152CAB20FC0042F13C /* UsersRequest.swift in Sources */,
				689224452C8A365D00CE698A /* Strings.swift in Sources */,
				68DC7F972C8E3D5300DB8CDE /* UserCollectionViewController.swift in Sources */,
				689224452C8A365D00CE698A /* Strings.swift in Sources */,
				1C4A6DFB2CA0B4E200A685CF /* AuthorWebViewController.swift in Sources */,
				1C045E032C98CCBA0063CE78 /* EnumForSort.swift in Sources */,
				1C66D4882C90AC8C00F6A565 /* CollectionModel.swift in Sources */,
				1C5E67882C9A19AD000128C2 /* CatalogRequest.swift in Sources */,
				0CBDBA3F2C94E88E00D1D5CC /* WebViewController.swift in Sources */,
				0C4471D42C8F7556005D3274 /* PaymentViewController.swift in Sources */,
				68DEA61F2C9F739E00A17CCA /* ProfileStorage.swift in Sources */,
				0CFCB74B2A780EA80009A829 /* UIView+Constraints.swift in Sources */,
				68DD390B2CA168B40093F0A3 /* Currency.swift in Sources */,
				0CF2C2E12A784C7000FDC837 /* LinePageControl.swift in Sources */,
				3F6806D329CBBE9600B4F915 /* NetworkRequest.swift in Sources */,
				0CFCB7492A7808900009A829 /* CatalogViewController.swift in Sources */,
				3F6806D129CBBE6B00B4F915 /* NetworkClient.swift in Sources */,
				68E849322C9E0EB000C8D927 /* UserCardWebViewController.swift in Sources */,
				68E849382C9E119F00C8D927 /* UIImage+Extensions.swift in Sources */,
				68B5D3892C8B9A4400FABE53 /* StatisticsUserTableViewCell.swift in Sources */,
			);
			runOnlyForDeploymentPostprocessing = 0;
		};
		3F6806A529CBBAF200B4F915 /* Sources */ = {
			isa = PBXSourcesBuildPhase;
			buildActionMask = 2147483647;
			files = (
				3F6806AE29CBBAF200B4F915 /* ExampleUnitTests.swift in Sources */,
				688398952CA2C03200123508 /* UserCollectionViewModelTest.swift in Sources */,
			);
			runOnlyForDeploymentPostprocessing = 0;
		};
		3F6806AF29CBBAF200B4F915 /* Sources */ = {
			isa = PBXSourcesBuildPhase;
			buildActionMask = 2147483647;
			files = (
				3F6806B829CBBAF200B4F915 /* FakeNFTUITests.swift in Sources */,
			);
			runOnlyForDeploymentPostprocessing = 0;
		};
/* End PBXSourcesBuildPhase section */

/* Begin PBXTargetDependency section */
		3F6806AB29CBBAF200B4F915 /* PBXTargetDependency */ = {
			isa = PBXTargetDependency;
			target = 3F68069229CBBAF100B4F915 /* FakeNFT */;
			targetProxy = 3F6806AA29CBBAF200B4F915 /* PBXContainerItemProxy */;
		};
		3F6806B529CBBAF200B4F915 /* PBXTargetDependency */ = {
			isa = PBXTargetDependency;
			target = 3F68069229CBBAF100B4F915 /* FakeNFT */;
			targetProxy = 3F6806B429CBBAF200B4F915 /* PBXContainerItemProxy */;
		};
		689224552C8A528D00CE698A /* PBXTargetDependency */ = {
			isa = PBXTargetDependency;
			productRef = 689224542C8A528D00CE698A /* RswiftGenerateInternalResources */;
		};
/* End PBXTargetDependency section */

/* Begin PBXVariantGroup section */
		3F6806A129CBBAF200B4F915 /* LaunchScreen.storyboard */ = {
			isa = PBXVariantGroup;
			children = (
				3F6806A229CBBAF200B4F915 /* Base */,
				E1CD40D92A96BE7D00BE7FE8 /* ru */,
			);
			name = LaunchScreen.storyboard;
			sourceTree = "<group>";
		};
		689224592C8A5A4900CE698A /* Localizable.strings */ = {
			isa = PBXVariantGroup;
			children = (
				689224582C8A5A4900CE698A /* en */,
				6892245A2C8A5A5500CE698A /* ru */,
			);
			name = Localizable.strings;
			sourceTree = "<group>";
		};
/* End PBXVariantGroup section */

/* Begin XCBuildConfiguration section */
		3F6806BB29CBBAF200B4F915 /* Debug */ = {
			isa = XCBuildConfiguration;
			buildSettings = {
				ALWAYS_SEARCH_USER_PATHS = NO;
				CLANG_ANALYZER_LOCALIZABILITY_NONLOCALIZED = YES;
				CLANG_ANALYZER_NONNULL = YES;
				CLANG_ANALYZER_NUMBER_OBJECT_CONVERSION = YES_AGGRESSIVE;
				CLANG_CXX_LANGUAGE_STANDARD = "gnu++20";
				CLANG_ENABLE_MODULES = YES;
				CLANG_ENABLE_OBJC_ARC = YES;
				CLANG_ENABLE_OBJC_WEAK = YES;
				CLANG_WARN_BLOCK_CAPTURE_AUTORELEASING = YES;
				CLANG_WARN_BOOL_CONVERSION = YES;
				CLANG_WARN_COMMA = YES;
				CLANG_WARN_CONSTANT_CONVERSION = YES;
				CLANG_WARN_DEPRECATED_OBJC_IMPLEMENTATIONS = YES;
				CLANG_WARN_DIRECT_OBJC_ISA_USAGE = YES_ERROR;
				CLANG_WARN_DOCUMENTATION_COMMENTS = YES;
				CLANG_WARN_EMPTY_BODY = YES;
				CLANG_WARN_ENUM_CONVERSION = YES;
				CLANG_WARN_INFINITE_RECURSION = YES;
				CLANG_WARN_INT_CONVERSION = YES;
				CLANG_WARN_NON_LITERAL_NULL_CONVERSION = YES;
				CLANG_WARN_OBJC_IMPLICIT_RETAIN_SELF = YES;
				CLANG_WARN_OBJC_LITERAL_CONVERSION = YES;
				CLANG_WARN_OBJC_ROOT_CLASS = YES_ERROR;
				CLANG_WARN_QUOTED_INCLUDE_IN_FRAMEWORK_HEADER = YES;
				CLANG_WARN_RANGE_LOOP_ANALYSIS = YES;
				CLANG_WARN_STRICT_PROTOTYPES = YES;
				CLANG_WARN_SUSPICIOUS_MOVE = YES;
				CLANG_WARN_UNGUARDED_AVAILABILITY = YES_AGGRESSIVE;
				CLANG_WARN_UNREACHABLE_CODE = YES;
				CLANG_WARN__DUPLICATE_METHOD_MATCH = YES;
				COPY_PHASE_STRIP = NO;
				DEBUG_INFORMATION_FORMAT = dwarf;
				ENABLE_STRICT_OBJC_MSGSEND = YES;
				ENABLE_TESTABILITY = YES;
				GCC_C_LANGUAGE_STANDARD = gnu11;
				GCC_DYNAMIC_NO_PIC = NO;
				GCC_NO_COMMON_BLOCKS = YES;
				GCC_OPTIMIZATION_LEVEL = 0;
				GCC_PREPROCESSOR_DEFINITIONS = (
					"DEBUG=1",
					"$(inherited)",
				);
				GCC_WARN_64_TO_32_BIT_CONVERSION = YES;
				GCC_WARN_ABOUT_RETURN_TYPE = YES_ERROR;
				GCC_WARN_UNDECLARED_SELECTOR = YES;
				GCC_WARN_UNINITIALIZED_AUTOS = YES_AGGRESSIVE;
				GCC_WARN_UNUSED_FUNCTION = YES;
				GCC_WARN_UNUSED_VARIABLE = YES;
				IPHONEOS_DEPLOYMENT_TARGET = 13.0;
				MTL_ENABLE_DEBUG_INFO = INCLUDE_SOURCE;
				MTL_FAST_MATH = YES;
				ONLY_ACTIVE_ARCH = YES;
				SDKROOT = iphoneos;
				SWIFT_ACTIVE_COMPILATION_CONDITIONS = DEBUG;
				SWIFT_OPTIMIZATION_LEVEL = "-Onone";
			};
			name = Debug;
		};
		3F6806BC29CBBAF200B4F915 /* Release */ = {
			isa = XCBuildConfiguration;
			buildSettings = {
				ALWAYS_SEARCH_USER_PATHS = NO;
				CLANG_ANALYZER_LOCALIZABILITY_NONLOCALIZED = YES;
				CLANG_ANALYZER_NONNULL = YES;
				CLANG_ANALYZER_NUMBER_OBJECT_CONVERSION = YES_AGGRESSIVE;
				CLANG_CXX_LANGUAGE_STANDARD = "gnu++20";
				CLANG_ENABLE_MODULES = YES;
				CLANG_ENABLE_OBJC_ARC = YES;
				CLANG_ENABLE_OBJC_WEAK = YES;
				CLANG_WARN_BLOCK_CAPTURE_AUTORELEASING = YES;
				CLANG_WARN_BOOL_CONVERSION = YES;
				CLANG_WARN_COMMA = YES;
				CLANG_WARN_CONSTANT_CONVERSION = YES;
				CLANG_WARN_DEPRECATED_OBJC_IMPLEMENTATIONS = YES;
				CLANG_WARN_DIRECT_OBJC_ISA_USAGE = YES_ERROR;
				CLANG_WARN_DOCUMENTATION_COMMENTS = YES;
				CLANG_WARN_EMPTY_BODY = YES;
				CLANG_WARN_ENUM_CONVERSION = YES;
				CLANG_WARN_INFINITE_RECURSION = YES;
				CLANG_WARN_INT_CONVERSION = YES;
				CLANG_WARN_NON_LITERAL_NULL_CONVERSION = YES;
				CLANG_WARN_OBJC_IMPLICIT_RETAIN_SELF = YES;
				CLANG_WARN_OBJC_LITERAL_CONVERSION = YES;
				CLANG_WARN_OBJC_ROOT_CLASS = YES_ERROR;
				CLANG_WARN_QUOTED_INCLUDE_IN_FRAMEWORK_HEADER = YES;
				CLANG_WARN_RANGE_LOOP_ANALYSIS = YES;
				CLANG_WARN_STRICT_PROTOTYPES = YES;
				CLANG_WARN_SUSPICIOUS_MOVE = YES;
				CLANG_WARN_UNGUARDED_AVAILABILITY = YES_AGGRESSIVE;
				CLANG_WARN_UNREACHABLE_CODE = YES;
				CLANG_WARN__DUPLICATE_METHOD_MATCH = YES;
				COPY_PHASE_STRIP = NO;
				DEBUG_INFORMATION_FORMAT = "dwarf-with-dsym";
				ENABLE_NS_ASSERTIONS = NO;
				ENABLE_STRICT_OBJC_MSGSEND = YES;
				GCC_C_LANGUAGE_STANDARD = gnu11;
				GCC_NO_COMMON_BLOCKS = YES;
				GCC_WARN_64_TO_32_BIT_CONVERSION = YES;
				GCC_WARN_ABOUT_RETURN_TYPE = YES_ERROR;
				GCC_WARN_UNDECLARED_SELECTOR = YES;
				GCC_WARN_UNINITIALIZED_AUTOS = YES_AGGRESSIVE;
				GCC_WARN_UNUSED_FUNCTION = YES;
				GCC_WARN_UNUSED_VARIABLE = YES;
				IPHONEOS_DEPLOYMENT_TARGET = 13.0;
				MTL_ENABLE_DEBUG_INFO = NO;
				MTL_FAST_MATH = YES;
				SDKROOT = iphoneos;
				SWIFT_COMPILATION_MODE = wholemodule;
				SWIFT_OPTIMIZATION_LEVEL = "-O";
				VALIDATE_PRODUCT = YES;
			};
			name = Release;
		};
		3F6806BE29CBBAF200B4F915 /* Debug */ = {
			isa = XCBuildConfiguration;
			buildSettings = {
				ASSETCATALOG_COMPILER_APPICON_NAME = AppIcon;
				ASSETCATALOG_COMPILER_GLOBAL_ACCENT_COLOR_NAME = AccentColor;
				CODE_SIGN_STYLE = Automatic;
				CURRENT_PROJECT_VERSION = 1;
				DEVELOPMENT_TEAM = J472M75R54;
				GENERATE_INFOPLIST_FILE = YES;
				INFOPLIST_FILE = FakeNFT/Info.plist;
				INFOPLIST_KEY_UIApplicationSupportsIndirectInputEvents = YES;
				INFOPLIST_KEY_UILaunchStoryboardName = LaunchScreen;
				INFOPLIST_KEY_UISupportedInterfaceOrientations_iPad = "UIInterfaceOrientationPortrait UIInterfaceOrientationPortraitUpsideDown UIInterfaceOrientationLandscapeLeft UIInterfaceOrientationLandscapeRight";
				INFOPLIST_KEY_UISupportedInterfaceOrientations_iPhone = "UIInterfaceOrientationPortrait UIInterfaceOrientationLandscapeLeft UIInterfaceOrientationLandscapeRight";
				IPHONEOS_DEPLOYMENT_TARGET = 13.0;
				LD_RUNPATH_SEARCH_PATHS = (
					"$(inherited)",
					"@executable_path/Frameworks",
				);
				MARKETING_VERSION = 1.0;
				PRODUCT_BUNDLE_IDENTIFIER = AlfaBotan.FakeNFT;
				PRODUCT_NAME = "$(TARGET_NAME)";
				SWIFT_EMIT_LOC_STRINGS = YES;
				SWIFT_VERSION = 5.0;
				TARGETED_DEVICE_FAMILY = "1,2";
			};
			name = Debug;
		};
		3F6806BF29CBBAF200B4F915 /* Release */ = {
			isa = XCBuildConfiguration;
			buildSettings = {
				ASSETCATALOG_COMPILER_APPICON_NAME = AppIcon;
				ASSETCATALOG_COMPILER_GLOBAL_ACCENT_COLOR_NAME = AccentColor;
				CODE_SIGN_STYLE = Automatic;
				CURRENT_PROJECT_VERSION = 1;
				DEVELOPMENT_TEAM = J472M75R54;
				GENERATE_INFOPLIST_FILE = YES;
				INFOPLIST_FILE = FakeNFT/Info.plist;
				INFOPLIST_KEY_UIApplicationSupportsIndirectInputEvents = YES;
				INFOPLIST_KEY_UILaunchStoryboardName = LaunchScreen;
				INFOPLIST_KEY_UISupportedInterfaceOrientations_iPad = "UIInterfaceOrientationPortrait UIInterfaceOrientationPortraitUpsideDown UIInterfaceOrientationLandscapeLeft UIInterfaceOrientationLandscapeRight";
				INFOPLIST_KEY_UISupportedInterfaceOrientations_iPhone = "UIInterfaceOrientationPortrait UIInterfaceOrientationLandscapeLeft UIInterfaceOrientationLandscapeRight";
				IPHONEOS_DEPLOYMENT_TARGET = 13.0;
				LD_RUNPATH_SEARCH_PATHS = (
					"$(inherited)",
					"@executable_path/Frameworks",
				);
				MARKETING_VERSION = 1.0;
				PRODUCT_BUNDLE_IDENTIFIER = AlfaBotan.FakeNFT;
				PRODUCT_NAME = "$(TARGET_NAME)";
				SWIFT_EMIT_LOC_STRINGS = YES;
				SWIFT_VERSION = 5.0;
				TARGETED_DEVICE_FAMILY = "1,2";
			};
			name = Release;
		};
		3F6806C129CBBAF200B4F915 /* Debug */ = {
			isa = XCBuildConfiguration;
			buildSettings = {
				ALWAYS_EMBED_SWIFT_STANDARD_LIBRARIES = YES;
				BUNDLE_LOADER = "$(TEST_HOST)";
				CODE_SIGN_STYLE = Automatic;
				CURRENT_PROJECT_VERSION = 1;
				GENERATE_INFOPLIST_FILE = YES;
				IPHONEOS_DEPLOYMENT_TARGET = 16.2;
				MARKETING_VERSION = 1.0;
				PRODUCT_BUNDLE_IDENTIFIER = com.practicum.FakeNFTTests;
				PRODUCT_NAME = "$(TARGET_NAME)";
				SWIFT_EMIT_LOC_STRINGS = NO;
				SWIFT_VERSION = 5.0;
				TARGETED_DEVICE_FAMILY = "1,2";
				TEST_HOST = "$(BUILT_PRODUCTS_DIR)/FakeNFT.app/$(BUNDLE_EXECUTABLE_FOLDER_PATH)/FakeNFT";
			};
			name = Debug;
		};
		3F6806C229CBBAF200B4F915 /* Release */ = {
			isa = XCBuildConfiguration;
			buildSettings = {
				ALWAYS_EMBED_SWIFT_STANDARD_LIBRARIES = YES;
				BUNDLE_LOADER = "$(TEST_HOST)";
				CODE_SIGN_STYLE = Automatic;
				CURRENT_PROJECT_VERSION = 1;
				GENERATE_INFOPLIST_FILE = YES;
				IPHONEOS_DEPLOYMENT_TARGET = 16.2;
				MARKETING_VERSION = 1.0;
				PRODUCT_BUNDLE_IDENTIFIER = com.practicum.FakeNFTTests;
				PRODUCT_NAME = "$(TARGET_NAME)";
				SWIFT_EMIT_LOC_STRINGS = NO;
				SWIFT_VERSION = 5.0;
				TARGETED_DEVICE_FAMILY = "1,2";
				TEST_HOST = "$(BUILT_PRODUCTS_DIR)/FakeNFT.app/$(BUNDLE_EXECUTABLE_FOLDER_PATH)/FakeNFT";
			};
			name = Release;
		};
		3F6806C429CBBAF200B4F915 /* Debug */ = {
			isa = XCBuildConfiguration;
			buildSettings = {
				ALWAYS_EMBED_SWIFT_STANDARD_LIBRARIES = YES;
				CODE_SIGN_STYLE = Automatic;
				CURRENT_PROJECT_VERSION = 1;
				GENERATE_INFOPLIST_FILE = YES;
				MARKETING_VERSION = 1.0;
				PRODUCT_BUNDLE_IDENTIFIER = com.practicum.FakeNFTUITests;
				PRODUCT_NAME = "$(TARGET_NAME)";
				SWIFT_EMIT_LOC_STRINGS = NO;
				SWIFT_VERSION = 5.0;
				TARGETED_DEVICE_FAMILY = "1,2";
				TEST_TARGET_NAME = FakeNFT;
			};
			name = Debug;
		};
		3F6806C529CBBAF200B4F915 /* Release */ = {
			isa = XCBuildConfiguration;
			buildSettings = {
				ALWAYS_EMBED_SWIFT_STANDARD_LIBRARIES = YES;
				CODE_SIGN_STYLE = Automatic;
				CURRENT_PROJECT_VERSION = 1;
				GENERATE_INFOPLIST_FILE = YES;
				MARKETING_VERSION = 1.0;
				PRODUCT_BUNDLE_IDENTIFIER = com.practicum.FakeNFTUITests;
				PRODUCT_NAME = "$(TARGET_NAME)";
				SWIFT_EMIT_LOC_STRINGS = NO;
				SWIFT_VERSION = 5.0;
				TARGETED_DEVICE_FAMILY = "1,2";
				TEST_TARGET_NAME = FakeNFT;
			};
			name = Release;
		};
/* End XCBuildConfiguration section */

/* Begin XCConfigurationList section */
		3F68068E29CBBAF100B4F915 /* Build configuration list for PBXProject "FakeNFT" */ = {
			isa = XCConfigurationList;
			buildConfigurations = (
				3F6806BB29CBBAF200B4F915 /* Debug */,
				3F6806BC29CBBAF200B4F915 /* Release */,
			);
			defaultConfigurationIsVisible = 0;
			defaultConfigurationName = Release;
		};
		3F6806BD29CBBAF200B4F915 /* Build configuration list for PBXNativeTarget "FakeNFT" */ = {
			isa = XCConfigurationList;
			buildConfigurations = (
				3F6806BE29CBBAF200B4F915 /* Debug */,
				3F6806BF29CBBAF200B4F915 /* Release */,
			);
			defaultConfigurationIsVisible = 0;
			defaultConfigurationName = Release;
		};
		3F6806C029CBBAF200B4F915 /* Build configuration list for PBXNativeTarget "FakeNFTTests" */ = {
			isa = XCConfigurationList;
			buildConfigurations = (
				3F6806C129CBBAF200B4F915 /* Debug */,
				3F6806C229CBBAF200B4F915 /* Release */,
			);
			defaultConfigurationIsVisible = 0;
			defaultConfigurationName = Release;
		};
		3F6806C329CBBAF200B4F915 /* Build configuration list for PBXNativeTarget "FakeNFTUITests" */ = {
			isa = XCConfigurationList;
			buildConfigurations = (
				3F6806C429CBBAF200B4F915 /* Debug */,
				3F6806C529CBBAF200B4F915 /* Release */,
			);
			defaultConfigurationIsVisible = 0;
			defaultConfigurationName = Release;
		};
/* End XCConfigurationList section */

/* Begin XCRemoteSwiftPackageReference section */
		3F603CCB29DB4A53000C43D7 /* XCRemoteSwiftPackageReference "ProgressHUD" */ = {
			isa = XCRemoteSwiftPackageReference;
			repositoryURL = "https://github.com/relatedcode/ProgressHUD";
			requirement = {
				kind = upToNextMajorVersion;
				minimumVersion = 13.0.0;
			};
		};
		3F603CCE29DB4A74000C43D7 /* XCRemoteSwiftPackageReference "Kingfisher" */ = {
			isa = XCRemoteSwiftPackageReference;
			repositoryURL = "https://github.com/onevcat/Kingfisher.git";
			requirement = {
				kind = upToNextMajorVersion;
				minimumVersion = 7.0.0;
			};
		};
		689224512C8A50FE00CE698A /* XCRemoteSwiftPackageReference "R" */ = {
			isa = XCRemoteSwiftPackageReference;
			repositoryURL = "https://github.com/mac-cain13/R.swift";
			requirement = {
				kind = upToNextMajorVersion;
				minimumVersion = 7.5.0;
			};
		};
/* End XCRemoteSwiftPackageReference section */

/* Begin XCSwiftPackageProductDependency section */
		3F603CCC29DB4A53000C43D7 /* ProgressHUD */ = {
			isa = XCSwiftPackageProductDependency;
			package = 3F603CCB29DB4A53000C43D7 /* XCRemoteSwiftPackageReference "ProgressHUD" */;
			productName = ProgressHUD;
		};
		3F603CCF29DB4A74000C43D7 /* Kingfisher */ = {
			isa = XCSwiftPackageProductDependency;
			package = 3F603CCE29DB4A74000C43D7 /* XCRemoteSwiftPackageReference "Kingfisher" */;
			productName = Kingfisher;
		};
		689224522C8A50FE00CE698A /* RswiftLibrary */ = {
			isa = XCSwiftPackageProductDependency;
			package = 689224512C8A50FE00CE698A /* XCRemoteSwiftPackageReference "R" */;
			productName = RswiftLibrary;
		};
		689224542C8A528D00CE698A /* RswiftGenerateInternalResources */ = {
			isa = XCSwiftPackageProductDependency;
			package = 689224512C8A50FE00CE698A /* XCRemoteSwiftPackageReference "R" */;
			productName = "plugin:RswiftGenerateInternalResources";
		};
/* End XCSwiftPackageProductDependency section */
	};
	rootObject = 3F68068B29CBBAF100B4F915 /* Project object */;
}
